// !$*UTF8*$!
{
	archiveVersion = 1;
	classes = {
	};
	objectVersion = 46;
	objects = {

/* Begin PBXAggregateTarget section */
		B4A0EDA813FB48CA814421B8 /* ALL_BUILD */ = {
			isa = PBXAggregateTarget;
			buildConfigurationList = 9E79742B2AD74363869EA4C9 /* Build configuration list for PBXAggregateTarget "ALL_BUILD" */;
			buildPhases = (
				B6C90EB6BBB3F4B13A70DD21 /* Generate CMakeFiles/ALL_BUILD */,
			);
			dependencies = (
				4E97F23FCCD04DB3A8B3633C /* PBXTargetDependency */,
				7A8AD28CA6F44D8784168FAE /* PBXTargetDependency */,
			);
			name = ALL_BUILD;
			productName = ALL_BUILD;
		};
		DE51AB36782E492CBB801D42 /* ZERO_CHECK */ = {
			isa = PBXAggregateTarget;
			buildConfigurationList = D6719A36CA6742BFA9C46565 /* Build configuration list for PBXAggregateTarget "ZERO_CHECK" */;
			buildPhases = (
				901DF9677A9D80235EEE6D78 /* Generate CMakeFiles/ZERO_CHECK */,
			);
			dependencies = (
			);
			name = ZERO_CHECK;
			productName = ZERO_CHECK;
		};
		E0752B897E174792B0978A2B /* install */ = {
			isa = PBXAggregateTarget;
			buildConfigurationList = C2B257526BA14434B1AE1093 /* Build configuration list for PBXAggregateTarget "install" */;
			buildPhases = (
				93426DA6A4AC2C2AC9CE883C /* CMake PostBuild Rules */,
			);
			dependencies = (
				529F7FD867FC4F778D121E75 /* PBXTargetDependency */,
			);
			name = install;
			productName = install;
		};
/* End PBXAggregateTarget section */

/* Begin PBXBuildFile section */
		04B73C713496407389CD761B /* /Users/annamaria/lavoro/X17/NeutronSource_22/include/PrimaryGeneratorAction.hh */ = {isa = PBXBuildFile; fileRef = C536FF6B607941509B44AB5D /* /Users/annamaria/lavoro/X17/NeutronSource_22/include/PrimaryGeneratorAction.hh */; };
		050AF0FEC2DD436C8556E633 /* /Users/annamaria/lavoro/X17/NeutronSource_22/include/ElectromagneticPhysics.hh */ = {isa = PBXBuildFile; fileRef = 938A94A5B0264DBFB28BCA72 /* /Users/annamaria/lavoro/X17/NeutronSource_22/include/ElectromagneticPhysics.hh */; };
		0CD653514FF546A9B7397BA0 /* /Users/annamaria/lavoro/X17/NeutronSource_22/src/DetectorConstruction.cc */ = {isa = PBXBuildFile; fileRef = CC49FACCABAA4E3584C12365 /* /Users/annamaria/lavoro/X17/NeutronSource_22/src/DetectorConstruction.cc */; };
		0F15FA3A7F4248CAB72F75CA /* /Users/annamaria/lavoro/X17/NeutronSource_22/src/PhysicsList.cc */ = {isa = PBXBuildFile; fileRef = 9EA764175443465DB63D0257 /* /Users/annamaria/lavoro/X17/NeutronSource_22/src/PhysicsList.cc */; };
		0FC1FAF665E3474D865533AE /* /Users/annamaria/lavoro/X17/NeutronSource_22/include/FileReader.hh */ = {isa = PBXBuildFile; fileRef = C1B26C890F2C418DAB7BBE37 /* /Users/annamaria/lavoro/X17/NeutronSource_22/include/FileReader.hh */; };
		10282F0869ED4504880C8722 /* /Users/annamaria/lavoro/X17/NeutronSource_22/src/GammaNuclearPhysics.cc */ = {isa = PBXBuildFile; fileRef = A90707EDBCD744CF8E2E2CD6 /* /Users/annamaria/lavoro/X17/NeutronSource_22/src/GammaNuclearPhysics.cc */; };
		10A195A97E12422BA40B6E38 /* /Users/annamaria/lavoro/X17/NeutronSource_22/include/SteppingAction.hh */ = {isa = PBXBuildFile; fileRef = 943B8DBACB4A48EF823833FD /* /Users/annamaria/lavoro/X17/NeutronSource_22/include/SteppingAction.hh */; };
		14F92B90B5FF415AB56430DB /* /Users/annamaria/lavoro/X17/NeutronSource_22/src/Run.cc */ = {isa = PBXBuildFile; fileRef = F4B69B37FA734681A101E457 /* /Users/annamaria/lavoro/X17/NeutronSource_22/src/Run.cc */; };
		26E581C346264F2EBD9AC2C3 /* /Users/annamaria/lavoro/X17/NeutronSource_22/include/ActionInitialization.hh */ = {isa = PBXBuildFile; fileRef = D6474BE3C1DD42CC8FB6AE56 /* /Users/annamaria/lavoro/X17/NeutronSource_22/include/ActionInitialization.hh */; };
		457A24150F3245B880428BF7 /* /Users/annamaria/lavoro/X17/NeutronSource_22/src/SteppingAction.cc */ = {isa = PBXBuildFile; fileRef = EFB6DE22200340678B240232 /* /Users/annamaria/lavoro/X17/NeutronSource_22/src/SteppingAction.cc */; };
		4A855FFFD75F4FF7AAE995BF /* /Users/annamaria/lavoro/X17/NeutronSource_22/NeutronSource.cc */ = {isa = PBXBuildFile; fileRef = B255A4E41F904E0BB0FEBE27 /* /Users/annamaria/lavoro/X17/NeutronSource_22/NeutronSource.cc */; };
		5C243D10D5EE4EA7927A85CD /* /Users/annamaria/lavoro/X17/NeutronSource_22/include/HistoManager.hh */ = {isa = PBXBuildFile; fileRef = 6F146025697844A485F7F32A /* /Users/annamaria/lavoro/X17/NeutronSource_22/include/HistoManager.hh */; };
		61A0C36865164BBB8FB029EC /* /Users/annamaria/lavoro/X17/NeutronSource_22/src/TrackingAction.cc */ = {isa = PBXBuildFile; fileRef = 3E7A0424A4894CA89095E817 /* /Users/annamaria/lavoro/X17/NeutronSource_22/src/TrackingAction.cc */; };
		62DDD72FB22F49599608C0C6 /* /Users/annamaria/lavoro/X17/NeutronSource_22/src/DetectorMessenger.cc */ = {isa = PBXBuildFile; fileRef = 3723823466F5420F9664E183 /* /Users/annamaria/lavoro/X17/NeutronSource_22/src/DetectorMessenger.cc */; };
		65224E8417E84948BBBD232E /* /Users/annamaria/lavoro/X17/NeutronSource_22/include/PhysicsList.hh */ = {isa = PBXBuildFile; fileRef = D279F87A47D4400897FB0A44 /* /Users/annamaria/lavoro/X17/NeutronSource_22/include/PhysicsList.hh */; };
		6837C9A70B984539862DD71A /* /Users/annamaria/lavoro/X17/NeutronSource_22/CMakeLists.txt */ = {isa = PBXBuildFile; fileRef = 5DA7654FAB0F4967AC7F8105 /* /Users/annamaria/lavoro/X17/NeutronSource_22/CMakeLists.txt */; };
		70E0D38016EB453AB0499EBB /* /Users/annamaria/lavoro/X17/NeutronSource_22/include/RunAction.hh */ = {isa = PBXBuildFile; fileRef = 4F8FCAC3E06B4AE39EF73714 /* /Users/annamaria/lavoro/X17/NeutronSource_22/include/RunAction.hh */; };
		8E046AE106424CC4856DE82C /* /Users/annamaria/lavoro/X17/NeutronSource_22/src/RadioactiveDecayPhysics.cc */ = {isa = PBXBuildFile; fileRef = B862D56315CC4A689EA14342 /* /Users/annamaria/lavoro/X17/NeutronSource_22/src/RadioactiveDecayPhysics.cc */; };
		8F889324D5FC4C8D96B5E72A /* /Users/annamaria/lavoro/X17/NeutronSource_22/include/EventAction.hh */ = {isa = PBXBuildFile; fileRef = D697C090D0604CE59B7C306F /* /Users/annamaria/lavoro/X17/NeutronSource_22/include/EventAction.hh */; };
		93760D195D30417B94A6EA67 /* /Users/annamaria/lavoro/X17/NeutronSource_22/src/FileReader.cc */ = {isa = PBXBuildFile; fileRef = 3A1F5EF6E1B24ECBAB75A0A1 /* /Users/annamaria/lavoro/X17/NeutronSource_22/src/FileReader.cc */; };
		989980DED4174A939E35AC6C /* /Users/annamaria/lavoro/X17/NeutronSource_22/src/GammaNuclearPhysicsLEND.cc */ = {isa = PBXBuildFile; fileRef = 635D8DAB747E4C5FB91CDC12 /* /Users/annamaria/lavoro/X17/NeutronSource_22/src/GammaNuclearPhysicsLEND.cc */; };
		98AA9152798642A98175AC52 /* /Users/annamaria/lavoro/X17/NeutronSource_22/include/DetectorMessenger.hh */ = {isa = PBXBuildFile; fileRef = CB3559D51BA1496A95A6026B /* /Users/annamaria/lavoro/X17/NeutronSource_22/include/DetectorMessenger.hh */; };
		A842F184980A474BABD5D191 /* /Users/annamaria/lavoro/X17/NeutronSource_22/src/HadronElasticPhysicsHP.cc */ = {isa = PBXBuildFile; fileRef = 04B2A52CBBA64BC19B8B454A /* /Users/annamaria/lavoro/X17/NeutronSource_22/src/HadronElasticPhysicsHP.cc */; };
		B18C4BDBD04F4DA2A62F2401 /* /Users/annamaria/lavoro/X17/NeutronSource_22/include/GammaNuclearPhysicsLEND.hh */ = {isa = PBXBuildFile; fileRef = 3F153C8432814B89A91BBE56 /* /Users/annamaria/lavoro/X17/NeutronSource_22/include/GammaNuclearPhysicsLEND.hh */; };
		B69AC2EBF695428AA8123CB5 /* /Users/annamaria/lavoro/X17/NeutronSource_22/src/EventAction.cc */ = {isa = PBXBuildFile; fileRef = 626AC20A13D6467380A107C4 /* /Users/annamaria/lavoro/X17/NeutronSource_22/src/EventAction.cc */; };
		B8900572674245BBB44F937C /* /Users/annamaria/lavoro/X17/NeutronSource_22/include/RadioactiveDecayPhysics.hh */ = {isa = PBXBuildFile; fileRef = 1BCE30F75F7945539FA63A71 /* /Users/annamaria/lavoro/X17/NeutronSource_22/include/RadioactiveDecayPhysics.hh */; };
		C54BABBC24484DC4BE6DF3AB /* /Users/annamaria/lavoro/X17/NeutronSource_22/include/DetectorConstruction.hh */ = {isa = PBXBuildFile; fileRef = 997F17EB32924606AB161A69 /* /Users/annamaria/lavoro/X17/NeutronSource_22/include/DetectorConstruction.hh */; };
		CA19A36F09234CB9A3AE0336 /* /Users/annamaria/lavoro/X17/NeutronSource_22/include/GammaNuclearPhysics.hh */ = {isa = PBXBuildFile; fileRef = FB2718014D624E419E47612E /* /Users/annamaria/lavoro/X17/NeutronSource_22/include/GammaNuclearPhysics.hh */; };
		CB466E40E0714BCAA2C52DCE /* /Users/annamaria/lavoro/X17/NeutronSource_22/src/HistoManager.cc */ = {isa = PBXBuildFile; fileRef = 21064C16389E4D108C489126 /* /Users/annamaria/lavoro/X17/NeutronSource_22/src/HistoManager.cc */; };
		CE89C5F9FB1E44CCA11531FB /* /Users/annamaria/lavoro/X17/NeutronSource_22/src/RunAction.cc */ = {isa = PBXBuildFile; fileRef = B92AF4285A3C43999E291C71 /* /Users/annamaria/lavoro/X17/NeutronSource_22/src/RunAction.cc */; };
		CEFC03F6421A4D909F8571A6 /* /Users/annamaria/lavoro/X17/NeutronSource_22/include/Run.hh */ = {isa = PBXBuildFile; fileRef = 62BE5F8C106E4B16B5BF54F5 /* /Users/annamaria/lavoro/X17/NeutronSource_22/include/Run.hh */; };
		D799A8029BDA4C64989E5910 /* /Users/annamaria/lavoro/X17/NeutronSource_22/include/HadronElasticPhysicsHP.hh */ = {isa = PBXBuildFile; fileRef = 9DC8DCD564C74EEF8A28E500 /* /Users/annamaria/lavoro/X17/NeutronSource_22/include/HadronElasticPhysicsHP.hh */; };
		E1FE5EBEC2C44B5CA24A6FAC /* /Users/annamaria/lavoro/X17/NeutronSource_22/src/ActionInitialization.cc */ = {isa = PBXBuildFile; fileRef = E1245FB6D2FA4140A51E3A7E /* /Users/annamaria/lavoro/X17/NeutronSource_22/src/ActionInitialization.cc */; };
		E3911C44F1E2481AA77327B5 /* /Users/annamaria/lavoro/X17/NeutronSource_22/src/ElectromagneticPhysics.cc */ = {isa = PBXBuildFile; fileRef = 81BC1AF379334BE2BB941409 /* /Users/annamaria/lavoro/X17/NeutronSource_22/src/ElectromagneticPhysics.cc */; };
		E4C73E93B1C644419E62335A /* /Users/annamaria/lavoro/X17/NeutronSource_22/include/TrackingAction.hh */ = {isa = PBXBuildFile; fileRef = 92A2BD5C69CC4A2FA3F921D1 /* /Users/annamaria/lavoro/X17/NeutronSource_22/include/TrackingAction.hh */; };
		EF8B277E80494E16AD99085C /* /Users/annamaria/lavoro/X17/NeutronSource_22/src/PrimaryGeneratorAction.cc */ = {isa = PBXBuildFile; fileRef = A1757D6896E341ABAA7AC37B /* /Users/annamaria/lavoro/X17/NeutronSource_22/src/PrimaryGeneratorAction.cc */; };
/* End PBXBuildFile section */

/* Begin PBXBuildStyle section */
		31DE136A7942480C9A4CE31C /* Release */ = {
			isa = PBXBuildStyle;
			buildSettings = {
				COPY_PHASE_STRIP = NO;
			};
			name = Release;
		};
		62618FAE55AA4C7A811D2664 /* Debug */ = {
			isa = PBXBuildStyle;
			buildSettings = {
				COPY_PHASE_STRIP = NO;
			};
			name = Debug;
		};
		89DD331A3B3F442F9BEF811D /* MinSizeRel */ = {
			isa = PBXBuildStyle;
			buildSettings = {
				COPY_PHASE_STRIP = NO;
			};
			name = MinSizeRel;
		};
		9ECE1BEE36C143F390006CE2 /* RelWithDebInfo */ = {
			isa = PBXBuildStyle;
			buildSettings = {
				COPY_PHASE_STRIP = NO;
			};
			name = RelWithDebInfo;
		};
/* End PBXBuildStyle section */

/* Begin PBXContainerItemProxy section */
		2634FC9B9966417BBBB28759 /* PBXContainerItemProxy */ = {
			isa = PBXContainerItemProxy;
			containerPortal = DC2EA87036B040DB9E0A2BCF /* Project object */;
			proxyType = 1;
			remoteGlobalIDString = DE51AB36782E492CBB801D42;
			remoteInfo = ZERO_CHECK;
		};
		4250BF702BBA40B1ABCBF06E /* PBXContainerItemProxy */ = {
			isa = PBXContainerItemProxy;
			containerPortal = DC2EA87036B040DB9E0A2BCF /* Project object */;
			proxyType = 1;
			remoteGlobalIDString = DE51AB36782E492CBB801D42;
			remoteInfo = ZERO_CHECK;
		};
		592896E6001E42B0BA517D5B /* PBXContainerItemProxy */ = {
			isa = PBXContainerItemProxy;
			containerPortal = DC2EA87036B040DB9E0A2BCF /* Project object */;
			proxyType = 1;
			remoteGlobalIDString = B8506EE53FB94BF9843263A5;
			remoteInfo = NeutronSource;
		};
		5B05E51D795A4DF78E81F8DA /* PBXContainerItemProxy */ = {
			isa = PBXContainerItemProxy;
			containerPortal = DC2EA87036B040DB9E0A2BCF /* Project object */;
			proxyType = 1;
			remoteGlobalIDString = B4A0EDA813FB48CA814421B8;
			remoteInfo = ALL_BUILD;
		};
/* End PBXContainerItemProxy section */

/* Begin PBXFileReference section */
		04B2A52CBBA64BC19B8B454A /* /Users/annamaria/lavoro/X17/NeutronSource_22/src/HadronElasticPhysicsHP.cc */ = {isa = PBXFileReference; explicitFileType = sourcecode.cpp.cpp; fileEncoding = 4; name = HadronElasticPhysicsHP.cc; path = src/HadronElasticPhysicsHP.cc; sourceTree = SOURCE_ROOT; };
		1BCE30F75F7945539FA63A71 /* /Users/annamaria/lavoro/X17/NeutronSource_22/include/RadioactiveDecayPhysics.hh */ = {isa = PBXFileReference; explicitFileType = sourcecode.cpp.h; fileEncoding = 4; name = RadioactiveDecayPhysics.hh; path = include/RadioactiveDecayPhysics.hh; sourceTree = SOURCE_ROOT; };
		21064C16389E4D108C489126 /* /Users/annamaria/lavoro/X17/NeutronSource_22/src/HistoManager.cc */ = {isa = PBXFileReference; explicitFileType = sourcecode.cpp.cpp; fileEncoding = 4; name = HistoManager.cc; path = src/HistoManager.cc; sourceTree = SOURCE_ROOT; };
		3723823466F5420F9664E183 /* /Users/annamaria/lavoro/X17/NeutronSource_22/src/DetectorMessenger.cc */ = {isa = PBXFileReference; explicitFileType = sourcecode.cpp.cpp; fileEncoding = 4; name = DetectorMessenger.cc; path = src/DetectorMessenger.cc; sourceTree = SOURCE_ROOT; };
		3A1F5EF6E1B24ECBAB75A0A1 /* /Users/annamaria/lavoro/X17/NeutronSource_22/src/FileReader.cc */ = {isa = PBXFileReference; explicitFileType = sourcecode.cpp.cpp; fileEncoding = 4; name = FileReader.cc; path = src/FileReader.cc; sourceTree = SOURCE_ROOT; };
		3E7A0424A4894CA89095E817 /* /Users/annamaria/lavoro/X17/NeutronSource_22/src/TrackingAction.cc */ = {isa = PBXFileReference; explicitFileType = sourcecode.cpp.cpp; fileEncoding = 4; name = TrackingAction.cc; path = src/TrackingAction.cc; sourceTree = SOURCE_ROOT; };
		3F153C8432814B89A91BBE56 /* /Users/annamaria/lavoro/X17/NeutronSource_22/include/GammaNuclearPhysicsLEND.hh */ = {isa = PBXFileReference; explicitFileType = sourcecode.cpp.h; fileEncoding = 4; name = GammaNuclearPhysicsLEND.hh; path = include/GammaNuclearPhysicsLEND.hh; sourceTree = SOURCE_ROOT; };
		4F8FCAC3E06B4AE39EF73714 /* /Users/annamaria/lavoro/X17/NeutronSource_22/include/RunAction.hh */ = {isa = PBXFileReference; explicitFileType = sourcecode.cpp.h; fileEncoding = 4; name = RunAction.hh; path = include/RunAction.hh; sourceTree = SOURCE_ROOT; };
		5DA7654FAB0F4967AC7F8105 /* /Users/annamaria/lavoro/X17/NeutronSource_22/CMakeLists.txt */ = {isa = PBXFileReference; explicitFileType = sourcecode.text; fileEncoding = 4; name = CMakeLists.txt; path = CMakeLists.txt; sourceTree = SOURCE_ROOT; };
		626AC20A13D6467380A107C4 /* /Users/annamaria/lavoro/X17/NeutronSource_22/src/EventAction.cc */ = {isa = PBXFileReference; explicitFileType = sourcecode.cpp.cpp; fileEncoding = 4; name = EventAction.cc; path = src/EventAction.cc; sourceTree = SOURCE_ROOT; };
		62BE5F8C106E4B16B5BF54F5 /* /Users/annamaria/lavoro/X17/NeutronSource_22/include/Run.hh */ = {isa = PBXFileReference; explicitFileType = sourcecode.cpp.h; fileEncoding = 4; name = Run.hh; path = include/Run.hh; sourceTree = SOURCE_ROOT; };
		635D8DAB747E4C5FB91CDC12 /* /Users/annamaria/lavoro/X17/NeutronSource_22/src/GammaNuclearPhysicsLEND.cc */ = {isa = PBXFileReference; explicitFileType = sourcecode.cpp.cpp; fileEncoding = 4; name = GammaNuclearPhysicsLEND.cc; path = src/GammaNuclearPhysicsLEND.cc; sourceTree = SOURCE_ROOT; };
		69D68DCC0BE645CCBBD12C38 /* /Users/annamaria/lavoro/X17/NeutronSource_22/CMakeLists.txt */ = {isa = PBXFileReference; explicitFileType = sourcecode.text; fileEncoding = 4; name = CMakeLists.txt; path = CMakeLists.txt; sourceTree = SOURCE_ROOT; };
		6F146025697844A485F7F32A /* /Users/annamaria/lavoro/X17/NeutronSource_22/include/HistoManager.hh */ = {isa = PBXFileReference; explicitFileType = sourcecode.cpp.h; fileEncoding = 4; name = HistoManager.hh; path = include/HistoManager.hh; sourceTree = SOURCE_ROOT; };
		81BC1AF379334BE2BB941409 /* /Users/annamaria/lavoro/X17/NeutronSource_22/src/ElectromagneticPhysics.cc */ = {isa = PBXFileReference; explicitFileType = sourcecode.cpp.cpp; fileEncoding = 4; name = ElectromagneticPhysics.cc; path = src/ElectromagneticPhysics.cc; sourceTree = SOURCE_ROOT; };
		92A2BD5C69CC4A2FA3F921D1 /* /Users/annamaria/lavoro/X17/NeutronSource_22/include/TrackingAction.hh */ = {isa = PBXFileReference; explicitFileType = sourcecode.cpp.h; fileEncoding = 4; name = TrackingAction.hh; path = include/TrackingAction.hh; sourceTree = SOURCE_ROOT; };
		938A94A5B0264DBFB28BCA72 /* /Users/annamaria/lavoro/X17/NeutronSource_22/include/ElectromagneticPhysics.hh */ = {isa = PBXFileReference; explicitFileType = sourcecode.cpp.h; fileEncoding = 4; name = ElectromagneticPhysics.hh; path = include/ElectromagneticPhysics.hh; sourceTree = SOURCE_ROOT; };
		943B8DBACB4A48EF823833FD /* /Users/annamaria/lavoro/X17/NeutronSource_22/include/SteppingAction.hh */ = {isa = PBXFileReference; explicitFileType = sourcecode.cpp.h; fileEncoding = 4; name = SteppingAction.hh; path = include/SteppingAction.hh; sourceTree = SOURCE_ROOT; };
		997F17EB32924606AB161A69 /* /Users/annamaria/lavoro/X17/NeutronSource_22/include/DetectorConstruction.hh */ = {isa = PBXFileReference; explicitFileType = sourcecode.cpp.h; fileEncoding = 4; name = DetectorConstruction.hh; path = include/DetectorConstruction.hh; sourceTree = SOURCE_ROOT; };
		9C850360D9D2417E860FD6C9 /* NeutronSource */ = {isa = PBXFileReference; explicitFileType = "compiled.mach-o.executable"; path = NeutronSource; sourceTree = BUILT_PRODUCTS_DIR; };
		9DC8DCD564C74EEF8A28E500 /* /Users/annamaria/lavoro/X17/NeutronSource_22/include/HadronElasticPhysicsHP.hh */ = {isa = PBXFileReference; explicitFileType = sourcecode.cpp.h; fileEncoding = 4; name = HadronElasticPhysicsHP.hh; path = include/HadronElasticPhysicsHP.hh; sourceTree = SOURCE_ROOT; };
		9EA764175443465DB63D0257 /* /Users/annamaria/lavoro/X17/NeutronSource_22/src/PhysicsList.cc */ = {isa = PBXFileReference; explicitFileType = sourcecode.cpp.cpp; fileEncoding = 4; name = PhysicsList.cc; path = src/PhysicsList.cc; sourceTree = SOURCE_ROOT; };
		A1757D6896E341ABAA7AC37B /* /Users/annamaria/lavoro/X17/NeutronSource_22/src/PrimaryGeneratorAction.cc */ = {isa = PBXFileReference; explicitFileType = sourcecode.cpp.cpp; fileEncoding = 4; name = PrimaryGeneratorAction.cc; path = src/PrimaryGeneratorAction.cc; sourceTree = SOURCE_ROOT; };
		A90707EDBCD744CF8E2E2CD6 /* /Users/annamaria/lavoro/X17/NeutronSource_22/src/GammaNuclearPhysics.cc */ = {isa = PBXFileReference; explicitFileType = sourcecode.cpp.cpp; fileEncoding = 4; name = GammaNuclearPhysics.cc; path = src/GammaNuclearPhysics.cc; sourceTree = SOURCE_ROOT; };
		B255A4E41F904E0BB0FEBE27 /* /Users/annamaria/lavoro/X17/NeutronSource_22/NeutronSource.cc */ = {isa = PBXFileReference; explicitFileType = sourcecode.cpp.cpp; fileEncoding = 4; name = NeutronSource.cc; path = NeutronSource.cc; sourceTree = SOURCE_ROOT; };
		B862D56315CC4A689EA14342 /* /Users/annamaria/lavoro/X17/NeutronSource_22/src/RadioactiveDecayPhysics.cc */ = {isa = PBXFileReference; explicitFileType = sourcecode.cpp.cpp; fileEncoding = 4; name = RadioactiveDecayPhysics.cc; path = src/RadioactiveDecayPhysics.cc; sourceTree = SOURCE_ROOT; };
		B92AF4285A3C43999E291C71 /* /Users/annamaria/lavoro/X17/NeutronSource_22/src/RunAction.cc */ = {isa = PBXFileReference; explicitFileType = sourcecode.cpp.cpp; fileEncoding = 4; name = RunAction.cc; path = src/RunAction.cc; sourceTree = SOURCE_ROOT; };
		C1B26C890F2C418DAB7BBE37 /* /Users/annamaria/lavoro/X17/NeutronSource_22/include/FileReader.hh */ = {isa = PBXFileReference; explicitFileType = sourcecode.cpp.h; fileEncoding = 4; name = FileReader.hh; path = include/FileReader.hh; sourceTree = SOURCE_ROOT; };
		C536FF6B607941509B44AB5D /* /Users/annamaria/lavoro/X17/NeutronSource_22/include/PrimaryGeneratorAction.hh */ = {isa = PBXFileReference; explicitFileType = sourcecode.cpp.h; fileEncoding = 4; name = PrimaryGeneratorAction.hh; path = include/PrimaryGeneratorAction.hh; sourceTree = SOURCE_ROOT; };
		CB3559D51BA1496A95A6026B /* /Users/annamaria/lavoro/X17/NeutronSource_22/include/DetectorMessenger.hh */ = {isa = PBXFileReference; explicitFileType = sourcecode.cpp.h; fileEncoding = 4; name = DetectorMessenger.hh; path = include/DetectorMessenger.hh; sourceTree = SOURCE_ROOT; };
		CC49FACCABAA4E3584C12365 /* /Users/annamaria/lavoro/X17/NeutronSource_22/src/DetectorConstruction.cc */ = {isa = PBXFileReference; explicitFileType = sourcecode.cpp.cpp; fileEncoding = 4; name = DetectorConstruction.cc; path = src/DetectorConstruction.cc; sourceTree = SOURCE_ROOT; };
		D279F87A47D4400897FB0A44 /* /Users/annamaria/lavoro/X17/NeutronSource_22/include/PhysicsList.hh */ = {isa = PBXFileReference; explicitFileType = sourcecode.cpp.h; fileEncoding = 4; name = PhysicsList.hh; path = include/PhysicsList.hh; sourceTree = SOURCE_ROOT; };
		D6474BE3C1DD42CC8FB6AE56 /* /Users/annamaria/lavoro/X17/NeutronSource_22/include/ActionInitialization.hh */ = {isa = PBXFileReference; explicitFileType = sourcecode.cpp.h; fileEncoding = 4; name = ActionInitialization.hh; path = include/ActionInitialization.hh; sourceTree = SOURCE_ROOT; };
		D697C090D0604CE59B7C306F /* /Users/annamaria/lavoro/X17/NeutronSource_22/include/EventAction.hh */ = {isa = PBXFileReference; explicitFileType = sourcecode.cpp.h; fileEncoding = 4; name = EventAction.hh; path = include/EventAction.hh; sourceTree = SOURCE_ROOT; };
		E1245FB6D2FA4140A51E3A7E /* /Users/annamaria/lavoro/X17/NeutronSource_22/src/ActionInitialization.cc */ = {isa = PBXFileReference; explicitFileType = sourcecode.cpp.cpp; fileEncoding = 4; name = ActionInitialization.cc; path = src/ActionInitialization.cc; sourceTree = SOURCE_ROOT; };
		EFB6DE22200340678B240232 /* /Users/annamaria/lavoro/X17/NeutronSource_22/src/SteppingAction.cc */ = {isa = PBXFileReference; explicitFileType = sourcecode.cpp.cpp; fileEncoding = 4; name = SteppingAction.cc; path = src/SteppingAction.cc; sourceTree = SOURCE_ROOT; };
		F4B69B37FA734681A101E457 /* /Users/annamaria/lavoro/X17/NeutronSource_22/src/Run.cc */ = {isa = PBXFileReference; explicitFileType = sourcecode.cpp.cpp; fileEncoding = 4; name = Run.cc; path = src/Run.cc; sourceTree = SOURCE_ROOT; };
		FB2718014D624E419E47612E /* /Users/annamaria/lavoro/X17/NeutronSource_22/include/GammaNuclearPhysics.hh */ = {isa = PBXFileReference; explicitFileType = sourcecode.cpp.h; fileEncoding = 4; name = GammaNuclearPhysics.hh; path = include/GammaNuclearPhysics.hh; sourceTree = SOURCE_ROOT; };
/* End PBXFileReference section */

/* Begin PBXFrameworksBuildPhase section */
		1F73619D84A04678B60F3DB8 /* Frameworks */ = {
			isa = PBXFrameworksBuildPhase;
			buildActionMask = 2147483647;
			files = (
			);
			runOnlyForDeploymentPostprocessing = 0;
		};
/* End PBXFrameworksBuildPhase section */

/* Begin PBXGroup section */
		3E9A86983CDB4CDAB0B4D185 /* Header Files */ = {
			isa = PBXGroup;
			children = (
				D6474BE3C1DD42CC8FB6AE56 /* /Users/annamaria/lavoro/X17/NeutronSource_22/include/ActionInitialization.hh */,
				997F17EB32924606AB161A69 /* /Users/annamaria/lavoro/X17/NeutronSource_22/include/DetectorConstruction.hh */,
				CB3559D51BA1496A95A6026B /* /Users/annamaria/lavoro/X17/NeutronSource_22/include/DetectorMessenger.hh */,
				938A94A5B0264DBFB28BCA72 /* /Users/annamaria/lavoro/X17/NeutronSource_22/include/ElectromagneticPhysics.hh */,
				D697C090D0604CE59B7C306F /* /Users/annamaria/lavoro/X17/NeutronSource_22/include/EventAction.hh */,
				C1B26C890F2C418DAB7BBE37 /* /Users/annamaria/lavoro/X17/NeutronSource_22/include/FileReader.hh */,
				FB2718014D624E419E47612E /* /Users/annamaria/lavoro/X17/NeutronSource_22/include/GammaNuclearPhysics.hh */,
				3F153C8432814B89A91BBE56 /* /Users/annamaria/lavoro/X17/NeutronSource_22/include/GammaNuclearPhysicsLEND.hh */,
				9DC8DCD564C74EEF8A28E500 /* /Users/annamaria/lavoro/X17/NeutronSource_22/include/HadronElasticPhysicsHP.hh */,
				6F146025697844A485F7F32A /* /Users/annamaria/lavoro/X17/NeutronSource_22/include/HistoManager.hh */,
				D279F87A47D4400897FB0A44 /* /Users/annamaria/lavoro/X17/NeutronSource_22/include/PhysicsList.hh */,
				C536FF6B607941509B44AB5D /* /Users/annamaria/lavoro/X17/NeutronSource_22/include/PrimaryGeneratorAction.hh */,
				1BCE30F75F7945539FA63A71 /* /Users/annamaria/lavoro/X17/NeutronSource_22/include/RadioactiveDecayPhysics.hh */,
				62BE5F8C106E4B16B5BF54F5 /* /Users/annamaria/lavoro/X17/NeutronSource_22/include/Run.hh */,
				4F8FCAC3E06B4AE39EF73714 /* /Users/annamaria/lavoro/X17/NeutronSource_22/include/RunAction.hh */,
				943B8DBACB4A48EF823833FD /* /Users/annamaria/lavoro/X17/NeutronSource_22/include/SteppingAction.hh */,
				92A2BD5C69CC4A2FA3F921D1 /* /Users/annamaria/lavoro/X17/NeutronSource_22/include/TrackingAction.hh */,
			);
			name = "Header Files";
			sourceTree = "<group>";
		};
		4A1B3DA41DAF4E7A8BAB1AD2 /* ALL_BUILD */ = {
			isa = PBXGroup;
			children = (
				6FA33CE1D88844E48A221107 /* CMake Rules */,
				69D68DCC0BE645CCBBD12C38 /* /Users/annamaria/lavoro/X17/NeutronSource_22/CMakeLists.txt */,
			);
			name = ALL_BUILD;
			sourceTree = "<group>";
		};
		6FA33CE1D88844E48A221107 /* CMake Rules */ = {
			isa = PBXGroup;
			children = (
			);
			name = "CMake Rules";
			sourceTree = "<group>";
		};
		93233BA3DECA404F80F37127 /* Frameworks */ = {
			isa = PBXGroup;
			children = (
			);
			name = Frameworks;
			sourceTree = "<group>";
		};
		965C176975A848DD90EA31AF /* Products */ = {
			isa = PBXGroup;
			children = (
				9C850360D9D2417E860FD6C9 /* NeutronSource */,
			);
			name = Products;
			sourceTree = "<group>";
		};
		A53D566166F148DA9088C581 = {
			isa = PBXGroup;
			children = (
				D9D1886D540741D5B5711760 /* NeutronSource */,
				4A1B3DA41DAF4E7A8BAB1AD2 /* ALL_BUILD */,
				965C176975A848DD90EA31AF /* Products */,
				93233BA3DECA404F80F37127 /* Frameworks */,
			);
			sourceTree = "<group>";
		};
		D9D1886D540741D5B5711760 /* NeutronSource */ = {
			isa = PBXGroup;
			children = (
				DDEEB7BD957B45C4A0E2F840 /* Source Files */,
				3E9A86983CDB4CDAB0B4D185 /* Header Files */,
				5DA7654FAB0F4967AC7F8105 /* /Users/annamaria/lavoro/X17/NeutronSource_22/CMakeLists.txt */,
			);
			name = NeutronSource;
			sourceTree = "<group>";
		};
		DDEEB7BD957B45C4A0E2F840 /* Source Files */ = {
			isa = PBXGroup;
			children = (
				B255A4E41F904E0BB0FEBE27 /* /Users/annamaria/lavoro/X17/NeutronSource_22/NeutronSource.cc */,
				E1245FB6D2FA4140A51E3A7E /* /Users/annamaria/lavoro/X17/NeutronSource_22/src/ActionInitialization.cc */,
				CC49FACCABAA4E3584C12365 /* /Users/annamaria/lavoro/X17/NeutronSource_22/src/DetectorConstruction.cc */,
				3723823466F5420F9664E183 /* /Users/annamaria/lavoro/X17/NeutronSource_22/src/DetectorMessenger.cc */,
				81BC1AF379334BE2BB941409 /* /Users/annamaria/lavoro/X17/NeutronSource_22/src/ElectromagneticPhysics.cc */,
				626AC20A13D6467380A107C4 /* /Users/annamaria/lavoro/X17/NeutronSource_22/src/EventAction.cc */,
				3A1F5EF6E1B24ECBAB75A0A1 /* /Users/annamaria/lavoro/X17/NeutronSource_22/src/FileReader.cc */,
				A90707EDBCD744CF8E2E2CD6 /* /Users/annamaria/lavoro/X17/NeutronSource_22/src/GammaNuclearPhysics.cc */,
				635D8DAB747E4C5FB91CDC12 /* /Users/annamaria/lavoro/X17/NeutronSource_22/src/GammaNuclearPhysicsLEND.cc */,
				04B2A52CBBA64BC19B8B454A /* /Users/annamaria/lavoro/X17/NeutronSource_22/src/HadronElasticPhysicsHP.cc */,
				21064C16389E4D108C489126 /* /Users/annamaria/lavoro/X17/NeutronSource_22/src/HistoManager.cc */,
				9EA764175443465DB63D0257 /* /Users/annamaria/lavoro/X17/NeutronSource_22/src/PhysicsList.cc */,
				A1757D6896E341ABAA7AC37B /* /Users/annamaria/lavoro/X17/NeutronSource_22/src/PrimaryGeneratorAction.cc */,
				B862D56315CC4A689EA14342 /* /Users/annamaria/lavoro/X17/NeutronSource_22/src/RadioactiveDecayPhysics.cc */,
				F4B69B37FA734681A101E457 /* /Users/annamaria/lavoro/X17/NeutronSource_22/src/Run.cc */,
				B92AF4285A3C43999E291C71 /* /Users/annamaria/lavoro/X17/NeutronSource_22/src/RunAction.cc */,
				EFB6DE22200340678B240232 /* /Users/annamaria/lavoro/X17/NeutronSource_22/src/SteppingAction.cc */,
				3E7A0424A4894CA89095E817 /* /Users/annamaria/lavoro/X17/NeutronSource_22/src/TrackingAction.cc */,
			);
			name = "Source Files";
			sourceTree = "<group>";
		};
/* End PBXGroup section */

/* Begin PBXNativeTarget section */
		B8506EE53FB94BF9843263A5 /* NeutronSource */ = {
			isa = PBXNativeTarget;
			buildConfigurationList = 04C7AFF117284033A261E796 /* Build configuration list for PBXNativeTarget "NeutronSource" */;
			buildPhases = (
				D567C90B3ADC46A197590BCE /* Sources */,
				1F73619D84A04678B60F3DB8 /* Frameworks */,
			);
			buildRules = (
			);
			dependencies = (
				439C24C98EB74127A49EA7A0 /* PBXTargetDependency */,
			);
			name = NeutronSource;
			productName = NeutronSource;
			productReference = 9C850360D9D2417E860FD6C9 /* NeutronSource */;
			productType = "com.apple.product-type.tool";
		};
/* End PBXNativeTarget section */

/* Begin PBXProject section */
		DC2EA87036B040DB9E0A2BCF /* Project object */ = {
			isa = PBXProject;
			attributes = {
				BuildIndependentTargetsInParallel = YES;
				LastUpgradeCheck = 1320;
			};
			buildConfigurationList = 52EF2B79B0334CAA9FDFCD45 /* Build configuration list for PBXProject "NeutronSource_22" */;
			buildSettings = {
			};
			buildStyles = (
				62618FAE55AA4C7A811D2664 /* Debug */,
				31DE136A7942480C9A4CE31C /* Release */,
				89DD331A3B3F442F9BEF811D /* MinSizeRel */,
				9ECE1BEE36C143F390006CE2 /* RelWithDebInfo */,
			);
			compatibilityVersion = "Xcode 3.2";
			hasScannedForEncodings = 0;
			mainGroup = A53D566166F148DA9088C581;
			projectDirPath = .;
			projectRoot = "";
			targets = (
				B4A0EDA813FB48CA814421B8 /* ALL_BUILD */,
				B8506EE53FB94BF9843263A5 /* NeutronSource */,
				DE51AB36782E492CBB801D42 /* ZERO_CHECK */,
				E0752B897E174792B0978A2B /* install */,
			);
		};
/* End PBXProject section */

/* Begin PBXShellScriptBuildPhase section */
		3C0110FC8322DE7E50886E21 = {
			isa = PBXShellScriptBuildPhase;
			buildActionMask = 2147483647;
			files = (
			);
			inputPaths = (
			);
			outputPaths = (
			);
			runOnlyForDeploymentPostprocessing = 0;
			shellPath = /bin/sh;
			shellScript = "# shell script goes here
exit 0";
			showEnvVarsInLog = 0;
		};
		87AF4882E018677E2624B544 = {
			isa = PBXShellScriptBuildPhase;
			buildActionMask = 2147483647;
			files = (
			);
			inputPaths = (
			);
			outputPaths = (
			);
			runOnlyForDeploymentPostprocessing = 0;
			shellPath = /bin/sh;
			shellScript = "# shell script goes here
exit 0";
			showEnvVarsInLog = 0;
		};
		901DF9677A9D80235EEE6D78 /* Generate CMakeFiles/ZERO_CHECK */ = {
			isa = PBXShellScriptBuildPhase;
			alwaysOutOfDate = 1;
			buildActionMask = 2147483647;
			files = (
			);
			inputPaths = (
			);
			name = "Generate CMakeFiles/ZERO_CHECK";
			outputPaths = (
/Users/annamaria/lavoro/X17/NeutronSource_22/CMakeFiles/ZERO_CHECK			);
			runOnlyForDeploymentPostprocessing = 0;
			shellPath = /bin/sh;
			shellScript = "set -e
if test \"$CONFIGURATION\" = \"Debug\"; then :
  cd /Users/annamaria/lavoro/X17/NeutronSource_22
  make -f /Users/annamaria/lavoro/X17/NeutronSource_22/CMakeScripts/ReRunCMake.make
fi
if test \"$CONFIGURATION\" = \"Release\"; then :
  cd /Users/annamaria/lavoro/X17/NeutronSource_22
  make -f /Users/annamaria/lavoro/X17/NeutronSource_22/CMakeScripts/ReRunCMake.make
fi
if test \"$CONFIGURATION\" = \"MinSizeRel\"; then :
  cd /Users/annamaria/lavoro/X17/NeutronSource_22
  make -f /Users/annamaria/lavoro/X17/NeutronSource_22/CMakeScripts/ReRunCMake.make
fi
if test \"$CONFIGURATION\" = \"RelWithDebInfo\"; then :
  cd /Users/annamaria/lavoro/X17/NeutronSource_22
  make -f /Users/annamaria/lavoro/X17/NeutronSource_22/CMakeScripts/ReRunCMake.make
fi
";
			showEnvVarsInLog = 0;
		};
		93426DA6A4AC2C2AC9CE883C /* CMake PostBuild Rules */ = {
			isa = PBXShellScriptBuildPhase;
			alwaysOutOfDate = 1;
			buildActionMask = 2147483647;
			files = (
			);
			name = "CMake PostBuild Rules";
			outputPaths = (
			);
			runOnlyForDeploymentPostprocessing = 0;
			shellPath = /bin/sh;
			shellScript = "set -e
if test \"$CONFIGURATION\" = \"Debug\"; then :
  cd /Users/annamaria/lavoro/X17/NeutronSource_22
  /Applications/CMake.app/Contents/bin/cmake -DBUILD_TYPE=$CONFIGURATION$EFFECTIVE_PLATFORM_NAME -P cmake_install.cmake
fi
if test \"$CONFIGURATION\" = \"Release\"; then :
  cd /Users/annamaria/lavoro/X17/NeutronSource_22
  /Applications/CMake.app/Contents/bin/cmake -DBUILD_TYPE=$CONFIGURATION$EFFECTIVE_PLATFORM_NAME -P cmake_install.cmake
fi
if test \"$CONFIGURATION\" = \"MinSizeRel\"; then :
  cd /Users/annamaria/lavoro/X17/NeutronSource_22
  /Applications/CMake.app/Contents/bin/cmake -DBUILD_TYPE=$CONFIGURATION$EFFECTIVE_PLATFORM_NAME -P cmake_install.cmake
fi
if test \"$CONFIGURATION\" = \"RelWithDebInfo\"; then :
  cd /Users/annamaria/lavoro/X17/NeutronSource_22
  /Applications/CMake.app/Contents/bin/cmake -DBUILD_TYPE=$CONFIGURATION$EFFECTIVE_PLATFORM_NAME -P cmake_install.cmake
fi
";
			showEnvVarsInLog = 0;
		};
		9B50530E35CC49C82C2FACCF = {
			isa = PBXShellScriptBuildPhase;
			buildActionMask = 2147483647;
			files = (
			);
			inputPaths = (
			);
			outputPaths = (
			);
			runOnlyForDeploymentPostprocessing = 0;
			shellPath = /bin/sh;
			shellScript = "# shell script goes here
exit 0";
			showEnvVarsInLog = 0;
		};
		B6C90EB6BBB3F4B13A70DD21 /* Generate CMakeFiles/ALL_BUILD */ = {
			isa = PBXShellScriptBuildPhase;
			alwaysOutOfDate = 1;
			buildActionMask = 2147483647;
			files = (
			);
			inputPaths = (
			);
			name = "Generate CMakeFiles/ALL_BUILD";
			outputPaths = (
/Users/annamaria/lavoro/X17/NeutronSource_22/CMakeFiles/ALL_BUILD			);
			runOnlyForDeploymentPostprocessing = 0;
			shellPath = /bin/sh;
			shellScript = "set -e
if test \"$CONFIGURATION\" = \"Debug\"; then :
  cd /Users/annamaria/lavoro/X17/NeutronSource_22
  echo Build\\ all\\ projects
fi
if test \"$CONFIGURATION\" = \"Release\"; then :
  cd /Users/annamaria/lavoro/X17/NeutronSource_22
  echo Build\\ all\\ projects
fi
if test \"$CONFIGURATION\" = \"MinSizeRel\"; then :
  cd /Users/annamaria/lavoro/X17/NeutronSource_22
  echo Build\\ all\\ projects
fi
if test \"$CONFIGURATION\" = \"RelWithDebInfo\"; then :
  cd /Users/annamaria/lavoro/X17/NeutronSource_22
  echo Build\\ all\\ projects
fi
";
			showEnvVarsInLog = 0;
		};
/* End PBXShellScriptBuildPhase section */

/* Begin PBXSourcesBuildPhase section */
		D567C90B3ADC46A197590BCE /* Sources */ = {
			isa = PBXSourcesBuildPhase;
			buildActionMask = 2147483647;
			files = (
				4A855FFFD75F4FF7AAE995BF /* /Users/annamaria/lavoro/X17/NeutronSource_22/NeutronSource.cc */,
				E1FE5EBEC2C44B5CA24A6FAC /* /Users/annamaria/lavoro/X17/NeutronSource_22/src/ActionInitialization.cc */,
				0CD653514FF546A9B7397BA0 /* /Users/annamaria/lavoro/X17/NeutronSource_22/src/DetectorConstruction.cc */,
				62DDD72FB22F49599608C0C6 /* /Users/annamaria/lavoro/X17/NeutronSource_22/src/DetectorMessenger.cc */,
				E3911C44F1E2481AA77327B5 /* /Users/annamaria/lavoro/X17/NeutronSource_22/src/ElectromagneticPhysics.cc */,
				B69AC2EBF695428AA8123CB5 /* /Users/annamaria/lavoro/X17/NeutronSource_22/src/EventAction.cc */,
				93760D195D30417B94A6EA67 /* /Users/annamaria/lavoro/X17/NeutronSource_22/src/FileReader.cc */,
				10282F0869ED4504880C8722 /* /Users/annamaria/lavoro/X17/NeutronSource_22/src/GammaNuclearPhysics.cc */,
				989980DED4174A939E35AC6C /* /Users/annamaria/lavoro/X17/NeutronSource_22/src/GammaNuclearPhysicsLEND.cc */,
				A842F184980A474BABD5D191 /* /Users/annamaria/lavoro/X17/NeutronSource_22/src/HadronElasticPhysicsHP.cc */,
				CB466E40E0714BCAA2C52DCE /* /Users/annamaria/lavoro/X17/NeutronSource_22/src/HistoManager.cc */,
				0F15FA3A7F4248CAB72F75CA /* /Users/annamaria/lavoro/X17/NeutronSource_22/src/PhysicsList.cc */,
				EF8B277E80494E16AD99085C /* /Users/annamaria/lavoro/X17/NeutronSource_22/src/PrimaryGeneratorAction.cc */,
				8E046AE106424CC4856DE82C /* /Users/annamaria/lavoro/X17/NeutronSource_22/src/RadioactiveDecayPhysics.cc */,
				14F92B90B5FF415AB56430DB /* /Users/annamaria/lavoro/X17/NeutronSource_22/src/Run.cc */,
				CE89C5F9FB1E44CCA11531FB /* /Users/annamaria/lavoro/X17/NeutronSource_22/src/RunAction.cc */,
				457A24150F3245B880428BF7 /* /Users/annamaria/lavoro/X17/NeutronSource_22/src/SteppingAction.cc */,
				61A0C36865164BBB8FB029EC /* /Users/annamaria/lavoro/X17/NeutronSource_22/src/TrackingAction.cc */,
			);
			runOnlyForDeploymentPostprocessing = 0;
		};
/* End PBXSourcesBuildPhase section */

/* Begin PBXTargetDependency section */
		439C24C98EB74127A49EA7A0 /* PBXTargetDependency */ = {
			isa = PBXTargetDependency;
			target = DE51AB36782E492CBB801D42 /* ZERO_CHECK */;
			targetProxy = 2634FC9B9966417BBBB28759 /* PBXContainerItemProxy */;
		};
		4E97F23FCCD04DB3A8B3633C /* PBXTargetDependency */ = {
			isa = PBXTargetDependency;
			target = B8506EE53FB94BF9843263A5 /* NeutronSource */;
			targetProxy = 592896E6001E42B0BA517D5B /* PBXContainerItemProxy */;
		};
		529F7FD867FC4F778D121E75 /* PBXTargetDependency */ = {
			isa = PBXTargetDependency;
			target = B4A0EDA813FB48CA814421B8 /* ALL_BUILD */;
			targetProxy = 5B05E51D795A4DF78E81F8DA /* PBXContainerItemProxy */;
		};
		7A8AD28CA6F44D8784168FAE /* PBXTargetDependency */ = {
			isa = PBXTargetDependency;
			target = DE51AB36782E492CBB801D42 /* ZERO_CHECK */;
			targetProxy = 4250BF702BBA40B1ABCBF06E /* PBXContainerItemProxy */;
		};
/* End PBXTargetDependency section */

/* Begin XCBuildConfiguration section */
		0DF8695D6C3942DEA9EAC902 /* MinSizeRel */ = {
			isa = XCBuildConfiguration;
			buildSettings = {
				COMBINE_HIDPI_IMAGES = YES;
				GCC_GENERATE_DEBUGGING_SYMBOLS = YES;
				GCC_INLINES_ARE_PRIVATE_EXTERN = NO;
				GCC_OPTIMIZATION_LEVEL = 0;
				GCC_PREPROCESSOR_DEFINITIONS = ("'CMAKE_INTDIR=\"$(CONFIGURATION)$(EFFECTIVE_PLATFORM_NAME)\"'","$(inherited)");
				GCC_SYMBOLS_PRIVATE_EXTERN = NO;
				INSTALL_PATH = "";
				OTHER_LDFLAGS = ("","$(inherited)");
				OTHER_REZFLAGS = "";
				PRODUCT_NAME = ALL_BUILD;
				SECTORDER_FLAGS = "";
				SYMROOT = /Users/annamaria/lavoro/X17/NeutronSource_22;
				USE_HEADERMAP = NO;
				WARNING_CFLAGS = ("$(inherited)");
			};
			name = MinSizeRel;
		};
		13BD7FBF91EC4B91BEAB3DF5 /* Release */ = {
			isa = XCBuildConfiguration;
			buildSettings = {
				ARCHS = "$(NATIVE_ARCH_ACTUAL)";
				ONLY_ACTIVE_ARCH = YES;
				SDKROOT = /Applications/Xcode.app/Contents/Developer/Platforms/MacOSX.platform/Developer/SDKs/MacOSX12.1.sdk;
				SYMROOT = /Users/annamaria/lavoro/X17/NeutronSource_22/build;
			};
			name = Release;
		};
		21C1C288974C40318438D6FC /* Release */ = {
			isa = XCBuildConfiguration;
			buildSettings = {
				COMBINE_HIDPI_IMAGES = YES;
				GCC_GENERATE_DEBUGGING_SYMBOLS = YES;
				GCC_INLINES_ARE_PRIVATE_EXTERN = NO;
				GCC_OPTIMIZATION_LEVEL = 0;
				GCC_PREPROCESSOR_DEFINITIONS = ("'CMAKE_INTDIR=\"$(CONFIGURATION)$(EFFECTIVE_PLATFORM_NAME)\"'","$(inherited)");
				GCC_SYMBOLS_PRIVATE_EXTERN = NO;
				INSTALL_PATH = "";
				OTHER_LDFLAGS = ("","$(inherited)");
				OTHER_REZFLAGS = "";
				PRODUCT_NAME = ZERO_CHECK;
				SECTORDER_FLAGS = "";
				SYMROOT = /Users/annamaria/lavoro/X17/NeutronSource_22;
				USE_HEADERMAP = NO;
				WARNING_CFLAGS = ("$(inherited)");
			};
			name = Release;
		};
		2EC7255CAFED4B2BB2790501 /* Debug */ = {
			isa = XCBuildConfiguration;
			buildSettings = {
				COMBINE_HIDPI_IMAGES = YES;
				EXECUTABLE_PREFIX = "";
				EXECUTABLE_SUFFIX = "";
				FRAMEWORK_SEARCH_PATHS = (/Applications/Xcode.app/Contents/Developer/Platforms/MacOSX.platform/Developer/SDKs/MacOSX12.1.sdk/System/Library/Frameworks,"$(inherited)");
				GCC_GENERATE_DEBUGGING_SYMBOLS = YES;
				GCC_INLINES_ARE_PRIVATE_EXTERN = NO;
				GCC_OPTIMIZATION_LEVEL = 0;
				GCC_PREPROCESSOR_DEFINITIONS = ("'CMAKE_INTDIR=\"$(CONFIGURATION)$(EFFECTIVE_PLATFORM_NAME)\"'",G4UI_USE_TCSH,G4UI_USE_QT,G4VIS_USE_OPENGLQT,G4VIS_USE_OPENGLX,G4VIS_USE_OPENGL,G4LIB_BUILD_DLL,QT_GUI_LIB,QT_CORE_LIB,QT_OPENGL_LIB,QT_WIDGETS_LIB,QT_PRINTSUPPORT_LIB,"$(inherited)");
				GCC_SYMBOLS_PRIVATE_EXTERN = NO;
				HEADER_SEARCH_PATHS = (/Users/annamaria/lavoro/X17/NeutronSource_22/include,"$(inherited)");
				INSTALL_PATH = "";
				LD_RUNPATH_SEARCH_PATHS = ("/Applications/geant4-v11.0.0-install/lib /Users/annamaria/anaconda3/lib","$(inherited)");
				OTHER_CPLUSPLUSFLAGS = "-W -Wall -pedantic -Wno-non-virtual-dtor -Wno-long-long -Wwrite-strings -Wpointer-arith -Woverloaded-virtual -Wno-variadic-macros -Wshadow -pipe -Qunused-arguments -DGL_SILENCE_DEPRECATION -pthread -ftls-model=initial-exec -std=c++17        -fPIC '-std=gnu++17' ";
				OTHER_LDFLAGS = (" -Wl,-search_paths_first -Wl,-headerpad_max_install_names","/Applications/geant4-v11.0.0-install/lib/libG4Tree.dylib","/Applications/geant4-v11.0.0-install/lib/libG4FR.dylib","/Applications/geant4-v11.0.0-install/lib/libG4GMocren.dylib","/Applications/geant4-v11.0.0-install/lib/libG4visHepRep.dylib","/Applications/geant4-v11.0.0-install/lib/libG4RayTracer.dylib","/Applications/geant4-v11.0.0-install/lib/libG4VRML.dylib","/Applications/geant4-v11.0.0-install/lib/libG4OpenGL.dylib","/Applications/geant4-v11.0.0-install/lib/libG4gl2ps.dylib","/Applications/geant4-v11.0.0-install/lib/libG4vis_management.dylib","/Applications/geant4-v11.0.0-install/lib/libG4modeling.dylib","/Applications/geant4-v11.0.0-install/lib/libG4interfaces.dylib","/Applications/geant4-v11.0.0-install/lib/libG4persistency.dylib","/Applications/geant4-v11.0.0-install/lib/libG4error_propagation.dylib","/Applications/geant4-v11.0.0-install/lib/libG4readout.dylib","/Applications/geant4-v11.0.0-install/lib/libG4physicslists.dylib","/Applications/geant4-v11.0.0-install/lib/libG4tasking.dylib","/Applications/geant4-v11.0.0-install/lib/libG4parmodels.dylib","-framework OpenGL",/Users/annamaria/anaconda3/lib/libQt5OpenGL.5.9.7.dylib,/Users/annamaria/anaconda3/lib/libQt5PrintSupport.5.9.7.dylib,/Users/annamaria/anaconda3/lib/libQt5Widgets.5.9.7.dylib,/Users/annamaria/anaconda3/lib/libQt5Gui.5.9.7.dylib,/Users/annamaria/anaconda3/lib/libQt5Core.5.9.7.dylib,/opt/X11/lib/libXmu.dylib,/opt/local/lib/libXext.dylib,/opt/X11/lib/libXt.dylib,/opt/X11/lib/libICE.dylib,/opt/X11/lib/libSM.dylib,/opt/local/lib/libX11.dylib,/opt/X11/lib/libGL.dylib,"/Applications/geant4-v11.0.0-install/lib/libG4run.dylib","/Applications/geant4-v11.0.0-install/lib/libG4event.dylib","/Applications/geant4-v11.0.0-install/lib/libG4tracking.dylib","/Applications/geant4-v11.0.0-install/lib/libG4processes.dylib","/Applications/geant4-v11.0.0-install/lib/libG4analysis.dylib","/Applications/geant4-v11.0.0-install/lib/libG4tools.dylib",/Applications/Xcode.app/Contents/Developer/Platforms/MacOSX.platform/Developer/SDKs/MacOSX12.1.sdk/usr/lib/libexpat.tbd,"/Applications/geant4-v11.0.0-install/lib/libG4digits_hits.dylib","/Applications/geant4-v11.0.0-install/lib/libG4track.dylib","/Applications/geant4-v11.0.0-install/lib/libG4particles.dylib","/Applications/geant4-v11.0.0-install/lib/libG4geometry.dylib","/Applications/geant4-v11.0.0-install/lib/libG4materials.dylib","/Applications/geant4-v11.0.0-install/lib/libG4zlib.dylib","/Applications/geant4-v11.0.0-install/lib/libG4graphics_reps.dylib","/Applications/geant4-v11.0.0-install/lib/libG4intercoms.dylib","/Applications/geant4-v11.0.0-install/lib/libG4global.dylib","/Applications/geant4-v11.0.0-install/lib/libG4clhep.dylib","/Applications/geant4-v11.0.0-install/lib/libG4ptl.0.0.2.dylib","$(inherited)");
				OTHER_REZFLAGS = "";
				PRODUCT_NAME = NeutronSource;
				SECTORDER_FLAGS = "";
				SYMROOT = /Users/annamaria/lavoro/X17/NeutronSource_22;
				SYSTEM_HEADER_SEARCH_PATHS = ("/Applications/geant4-v11.0.0-install/include/Geant4",/Users/annamaria/anaconda3/include/qt,/Users/annamaria/anaconda3/include/qt/QtGui,/Applications/Xcode.app/Contents/Developer/Platforms/MacOSX.platform/Developer/SDKs/MacOSX12.1.sdk/System/Library/Frameworks/OpenGL.framework/Headers,/Users/annamaria/anaconda3/include/qt/QtCore,"/Users/annamaria/anaconda3/./mkspecs/macx-clang",/Users/annamaria/anaconda3/include/qt/QtOpenGL,/Users/annamaria/anaconda3/include/qt/QtWidgets,/Users/annamaria/anaconda3/include/qt/QtPrintSupport,/opt/X11/include,/opt/local/include,"$(inherited)");
				USE_HEADERMAP = NO;
				WARNING_CFLAGS = ("$(inherited)");
			};
			name = Debug;
		};
		35A8C174C1664354B52A17F9 /* RelWithDebInfo */ = {
			isa = XCBuildConfiguration;
			buildSettings = {
				COMBINE_HIDPI_IMAGES = YES;
				GCC_GENERATE_DEBUGGING_SYMBOLS = YES;
				GCC_INLINES_ARE_PRIVATE_EXTERN = NO;
				GCC_OPTIMIZATION_LEVEL = 0;
				GCC_PREPROCESSOR_DEFINITIONS = ("'CMAKE_INTDIR=\"$(CONFIGURATION)$(EFFECTIVE_PLATFORM_NAME)\"'","$(inherited)");
				GCC_SYMBOLS_PRIVATE_EXTERN = NO;
				INSTALL_PATH = "";
				OTHER_LDFLAGS = ("","$(inherited)");
				OTHER_REZFLAGS = "";
				PRODUCT_NAME = install;
				SECTORDER_FLAGS = "";
				SYMROOT = /Users/annamaria/lavoro/X17/NeutronSource_22;
				USE_HEADERMAP = NO;
				WARNING_CFLAGS = ("$(inherited)");
			};
			name = RelWithDebInfo;
		};
		66C297E2E38B47AE9851B197 /* MinSizeRel */ = {
			isa = XCBuildConfiguration;
			buildSettings = {
				COMBINE_HIDPI_IMAGES = YES;
				EXECUTABLE_PREFIX = "";
				EXECUTABLE_SUFFIX = "";
				FRAMEWORK_SEARCH_PATHS = (/Applications/Xcode.app/Contents/Developer/Platforms/MacOSX.platform/Developer/SDKs/MacOSX12.1.sdk/System/Library/Frameworks,"$(inherited)");
				GCC_GENERATE_DEBUGGING_SYMBOLS = NO;
				GCC_INLINES_ARE_PRIVATE_EXTERN = NO;
				GCC_OPTIMIZATION_LEVEL = s;
				GCC_PREPROCESSOR_DEFINITIONS = ("'CMAKE_INTDIR=\"$(CONFIGURATION)$(EFFECTIVE_PLATFORM_NAME)\"'",G4UI_USE_TCSH,G4UI_USE_QT,G4VIS_USE_OPENGLQT,G4VIS_USE_OPENGLX,G4VIS_USE_OPENGL,G4LIB_BUILD_DLL,QT_GUI_LIB,QT_CORE_LIB,QT_NO_DEBUG,QT_OPENGL_LIB,QT_WIDGETS_LIB,QT_PRINTSUPPORT_LIB,"$(inherited)");
				GCC_SYMBOLS_PRIVATE_EXTERN = NO;
				HEADER_SEARCH_PATHS = (/Users/annamaria/lavoro/X17/NeutronSource_22/include,"$(inherited)");
				INSTALL_PATH = "";
				LD_RUNPATH_SEARCH_PATHS = ("/Applications/geant4-v11.0.0-install/lib /Users/annamaria/anaconda3/lib","$(inherited)");
				OTHER_CPLUSPLUSFLAGS = "-W -Wall -pedantic -Wno-non-virtual-dtor -Wno-long-long -Wwrite-strings -Wpointer-arith -Woverloaded-virtual -Wno-variadic-macros -Wshadow -pipe -Qunused-arguments -DGL_SILENCE_DEPRECATION -pthread -ftls-model=initial-exec -std=c++17      -DNDEBUG     -DNDEBUG -fPIC '-std=gnu++17' ";
				OTHER_LDFLAGS = (" -Wl,-search_paths_first -Wl,-headerpad_max_install_names","/Applications/geant4-v11.0.0-install/lib/libG4Tree.dylib","/Applications/geant4-v11.0.0-install/lib/libG4FR.dylib","/Applications/geant4-v11.0.0-install/lib/libG4GMocren.dylib","/Applications/geant4-v11.0.0-install/lib/libG4visHepRep.dylib","/Applications/geant4-v11.0.0-install/lib/libG4RayTracer.dylib","/Applications/geant4-v11.0.0-install/lib/libG4VRML.dylib","/Applications/geant4-v11.0.0-install/lib/libG4OpenGL.dylib","/Applications/geant4-v11.0.0-install/lib/libG4gl2ps.dylib","/Applications/geant4-v11.0.0-install/lib/libG4vis_management.dylib","/Applications/geant4-v11.0.0-install/lib/libG4modeling.dylib","/Applications/geant4-v11.0.0-install/lib/libG4interfaces.dylib","/Applications/geant4-v11.0.0-install/lib/libG4persistency.dylib","/Applications/geant4-v11.0.0-install/lib/libG4error_propagation.dylib","/Applications/geant4-v11.0.0-install/lib/libG4readout.dylib","/Applications/geant4-v11.0.0-install/lib/libG4physicslists.dylib","/Applications/geant4-v11.0.0-install/lib/libG4tasking.dylib","/Applications/geant4-v11.0.0-install/lib/libG4parmodels.dylib","-framework OpenGL",/Users/annamaria/anaconda3/lib/libQt5OpenGL.5.9.7.dylib,/Users/annamaria/anaconda3/lib/libQt5PrintSupport.5.9.7.dylib,/Users/annamaria/anaconda3/lib/libQt5Widgets.5.9.7.dylib,/Users/annamaria/anaconda3/lib/libQt5Gui.5.9.7.dylib,/Users/annamaria/anaconda3/lib/libQt5Core.5.9.7.dylib,/opt/X11/lib/libXmu.dylib,/opt/local/lib/libXext.dylib,/opt/X11/lib/libXt.dylib,/opt/X11/lib/libICE.dylib,/opt/X11/lib/libSM.dylib,/opt/local/lib/libX11.dylib,/opt/X11/lib/libGL.dylib,"/Applications/geant4-v11.0.0-install/lib/libG4run.dylib","/Applications/geant4-v11.0.0-install/lib/libG4event.dylib","/Applications/geant4-v11.0.0-install/lib/libG4tracking.dylib","/Applications/geant4-v11.0.0-install/lib/libG4processes.dylib","/Applications/geant4-v11.0.0-install/lib/libG4analysis.dylib","/Applications/geant4-v11.0.0-install/lib/libG4tools.dylib",/Applications/Xcode.app/Contents/Developer/Platforms/MacOSX.platform/Developer/SDKs/MacOSX12.1.sdk/usr/lib/libexpat.tbd,"/Applications/geant4-v11.0.0-install/lib/libG4digits_hits.dylib","/Applications/geant4-v11.0.0-install/lib/libG4track.dylib","/Applications/geant4-v11.0.0-install/lib/libG4particles.dylib","/Applications/geant4-v11.0.0-install/lib/libG4geometry.dylib","/Applications/geant4-v11.0.0-install/lib/libG4materials.dylib","/Applications/geant4-v11.0.0-install/lib/libG4zlib.dylib","/Applications/geant4-v11.0.0-install/lib/libG4graphics_reps.dylib","/Applications/geant4-v11.0.0-install/lib/libG4intercoms.dylib","/Applications/geant4-v11.0.0-install/lib/libG4global.dylib","/Applications/geant4-v11.0.0-install/lib/libG4clhep.dylib","/Applications/geant4-v11.0.0-install/lib/libG4ptl.0.0.2.dylib","$(inherited)");
				OTHER_REZFLAGS = "";
				PRODUCT_NAME = NeutronSource;
				SECTORDER_FLAGS = "";
				SYMROOT = /Users/annamaria/lavoro/X17/NeutronSource_22;
				SYSTEM_HEADER_SEARCH_PATHS = ("/Applications/geant4-v11.0.0-install/include/Geant4",/Users/annamaria/anaconda3/include/qt,/Users/annamaria/anaconda3/include/qt/QtGui,/Applications/Xcode.app/Contents/Developer/Platforms/MacOSX.platform/Developer/SDKs/MacOSX12.1.sdk/System/Library/Frameworks/OpenGL.framework/Headers,/Users/annamaria/anaconda3/include/qt/QtCore,"/Users/annamaria/anaconda3/./mkspecs/macx-clang",/Users/annamaria/anaconda3/include/qt/QtOpenGL,/Users/annamaria/anaconda3/include/qt/QtWidgets,/Users/annamaria/anaconda3/include/qt/QtPrintSupport,/opt/X11/include,/opt/local/include,"$(inherited)");
				USE_HEADERMAP = NO;
				WARNING_CFLAGS = ("$(inherited)");
			};
			name = MinSizeRel;
		};
		73A8B4CE6B9D442E9E7BBF33 /* RelWithDebInfo */ = {
			isa = XCBuildConfiguration;
			buildSettings = {
				COMBINE_HIDPI_IMAGES = YES;
				GCC_GENERATE_DEBUGGING_SYMBOLS = YES;
				GCC_INLINES_ARE_PRIVATE_EXTERN = NO;
				GCC_OPTIMIZATION_LEVEL = 0;
				GCC_PREPROCESSOR_DEFINITIONS = ("'CMAKE_INTDIR=\"$(CONFIGURATION)$(EFFECTIVE_PLATFORM_NAME)\"'","$(inherited)");
				GCC_SYMBOLS_PRIVATE_EXTERN = NO;
				INSTALL_PATH = "";
				OTHER_LDFLAGS = ("","$(inherited)");
				OTHER_REZFLAGS = "";
				PRODUCT_NAME = ZERO_CHECK;
				SECTORDER_FLAGS = "";
				SYMROOT = /Users/annamaria/lavoro/X17/NeutronSource_22;
				USE_HEADERMAP = NO;
				WARNING_CFLAGS = ("$(inherited)");
			};
			name = RelWithDebInfo;
		};
		7762523AA7B046CFAEDFF1E1 /* MinSizeRel */ = {
			isa = XCBuildConfiguration;
			buildSettings = {
				COMBINE_HIDPI_IMAGES = YES;
				GCC_GENERATE_DEBUGGING_SYMBOLS = YES;
				GCC_INLINES_ARE_PRIVATE_EXTERN = NO;
				GCC_OPTIMIZATION_LEVEL = 0;
				GCC_PREPROCESSOR_DEFINITIONS = ("'CMAKE_INTDIR=\"$(CONFIGURATION)$(EFFECTIVE_PLATFORM_NAME)\"'","$(inherited)");
				GCC_SYMBOLS_PRIVATE_EXTERN = NO;
				INSTALL_PATH = "";
				OTHER_LDFLAGS = ("","$(inherited)");
				OTHER_REZFLAGS = "";
				PRODUCT_NAME = ZERO_CHECK;
				SECTORDER_FLAGS = "";
				SYMROOT = /Users/annamaria/lavoro/X17/NeutronSource_22;
				USE_HEADERMAP = NO;
				WARNING_CFLAGS = ("$(inherited)");
			};
			name = MinSizeRel;
		};
		7F7F41733C4F406CA3BDE276 /* Debug */ = {
			isa = XCBuildConfiguration;
			buildSettings = {
				COMBINE_HIDPI_IMAGES = YES;
				GCC_GENERATE_DEBUGGING_SYMBOLS = YES;
				GCC_INLINES_ARE_PRIVATE_EXTERN = NO;
				GCC_OPTIMIZATION_LEVEL = 0;
				GCC_PREPROCESSOR_DEFINITIONS = ("'CMAKE_INTDIR=\"$(CONFIGURATION)$(EFFECTIVE_PLATFORM_NAME)\"'","$(inherited)");
				GCC_SYMBOLS_PRIVATE_EXTERN = NO;
				INSTALL_PATH = "";
				OTHER_LDFLAGS = ("","$(inherited)");
				OTHER_REZFLAGS = "";
				PRODUCT_NAME = install;
				SECTORDER_FLAGS = "";
				SYMROOT = /Users/annamaria/lavoro/X17/NeutronSource_22;
				USE_HEADERMAP = NO;
				WARNING_CFLAGS = ("$(inherited)");
			};
			name = Debug;
		};
		9D741E0405324675829C603E /* Debug */ = {
			isa = XCBuildConfiguration;
			buildSettings = {
				COMBINE_HIDPI_IMAGES = YES;
				GCC_GENERATE_DEBUGGING_SYMBOLS = YES;
				GCC_INLINES_ARE_PRIVATE_EXTERN = NO;
				GCC_OPTIMIZATION_LEVEL = 0;
				GCC_PREPROCESSOR_DEFINITIONS = ("'CMAKE_INTDIR=\"$(CONFIGURATION)$(EFFECTIVE_PLATFORM_NAME)\"'","$(inherited)");
				GCC_SYMBOLS_PRIVATE_EXTERN = NO;
				INSTALL_PATH = "";
				OTHER_LDFLAGS = ("","$(inherited)");
				OTHER_REZFLAGS = "";
				PRODUCT_NAME = ZERO_CHECK;
				SECTORDER_FLAGS = "";
				SYMROOT = /Users/annamaria/lavoro/X17/NeutronSource_22;
				USE_HEADERMAP = NO;
				WARNING_CFLAGS = ("$(inherited)");
			};
			name = Debug;
		};
		9DBD949B4DB9426B9EDC9AFC /* Release */ = {
			isa = XCBuildConfiguration;
			buildSettings = {
				COMBINE_HIDPI_IMAGES = YES;
				EXECUTABLE_PREFIX = "";
				EXECUTABLE_SUFFIX = "";
				FRAMEWORK_SEARCH_PATHS = (/Applications/Xcode.app/Contents/Developer/Platforms/MacOSX.platform/Developer/SDKs/MacOSX12.1.sdk/System/Library/Frameworks,"$(inherited)");
				GCC_GENERATE_DEBUGGING_SYMBOLS = NO;
				GCC_INLINES_ARE_PRIVATE_EXTERN = NO;
				GCC_OPTIMIZATION_LEVEL = 3;
				GCC_PREPROCESSOR_DEFINITIONS = ("'CMAKE_INTDIR=\"$(CONFIGURATION)$(EFFECTIVE_PLATFORM_NAME)\"'",G4UI_USE_TCSH,G4UI_USE_QT,G4VIS_USE_OPENGLQT,G4VIS_USE_OPENGLX,G4VIS_USE_OPENGL,G4LIB_BUILD_DLL,QT_GUI_LIB,QT_CORE_LIB,QT_NO_DEBUG,QT_OPENGL_LIB,QT_WIDGETS_LIB,QT_PRINTSUPPORT_LIB,"$(inherited)");
				GCC_SYMBOLS_PRIVATE_EXTERN = NO;
				HEADER_SEARCH_PATHS = (/Users/annamaria/lavoro/X17/NeutronSource_22/include,"$(inherited)");
				INSTALL_PATH = "";
				LD_RUNPATH_SEARCH_PATHS = ("/Applications/geant4-v11.0.0-install/lib /Users/annamaria/anaconda3/lib","$(inherited)");
				OTHER_CPLUSPLUSFLAGS = "-W -Wall -pedantic -Wno-non-virtual-dtor -Wno-long-long -Wwrite-strings -Wpointer-arith -Woverloaded-virtual -Wno-variadic-macros -Wshadow -pipe -Qunused-arguments -DGL_SILENCE_DEPRECATION -pthread -ftls-model=initial-exec -std=c++17      -DNDEBUG -fno-trapping-math -ftree-vectorize -fno-math-errno     -DNDEBUG -fPIC '-std=gnu++17' ";
				OTHER_LDFLAGS = (" -Wl,-search_paths_first -Wl,-headerpad_max_install_names","/Applications/geant4-v11.0.0-install/lib/libG4Tree.dylib","/Applications/geant4-v11.0.0-install/lib/libG4FR.dylib","/Applications/geant4-v11.0.0-install/lib/libG4GMocren.dylib","/Applications/geant4-v11.0.0-install/lib/libG4visHepRep.dylib","/Applications/geant4-v11.0.0-install/lib/libG4RayTracer.dylib","/Applications/geant4-v11.0.0-install/lib/libG4VRML.dylib","/Applications/geant4-v11.0.0-install/lib/libG4OpenGL.dylib","/Applications/geant4-v11.0.0-install/lib/libG4gl2ps.dylib","/Applications/geant4-v11.0.0-install/lib/libG4vis_management.dylib","/Applications/geant4-v11.0.0-install/lib/libG4modeling.dylib","/Applications/geant4-v11.0.0-install/lib/libG4interfaces.dylib","/Applications/geant4-v11.0.0-install/lib/libG4persistency.dylib","/Applications/geant4-v11.0.0-install/lib/libG4error_propagation.dylib","/Applications/geant4-v11.0.0-install/lib/libG4readout.dylib","/Applications/geant4-v11.0.0-install/lib/libG4physicslists.dylib","/Applications/geant4-v11.0.0-install/lib/libG4tasking.dylib","/Applications/geant4-v11.0.0-install/lib/libG4parmodels.dylib","-framework OpenGL",/Users/annamaria/anaconda3/lib/libQt5OpenGL.5.9.7.dylib,/Users/annamaria/anaconda3/lib/libQt5PrintSupport.5.9.7.dylib,/Users/annamaria/anaconda3/lib/libQt5Widgets.5.9.7.dylib,/Users/annamaria/anaconda3/lib/libQt5Gui.5.9.7.dylib,/Users/annamaria/anaconda3/lib/libQt5Core.5.9.7.dylib,/opt/X11/lib/libXmu.dylib,/opt/local/lib/libXext.dylib,/opt/X11/lib/libXt.dylib,/opt/X11/lib/libICE.dylib,/opt/X11/lib/libSM.dylib,/opt/local/lib/libX11.dylib,/opt/X11/lib/libGL.dylib,"/Applications/geant4-v11.0.0-install/lib/libG4run.dylib","/Applications/geant4-v11.0.0-install/lib/libG4event.dylib","/Applications/geant4-v11.0.0-install/lib/libG4tracking.dylib","/Applications/geant4-v11.0.0-install/lib/libG4processes.dylib","/Applications/geant4-v11.0.0-install/lib/libG4analysis.dylib","/Applications/geant4-v11.0.0-install/lib/libG4tools.dylib",/Applications/Xcode.app/Contents/Developer/Platforms/MacOSX.platform/Developer/SDKs/MacOSX12.1.sdk/usr/lib/libexpat.tbd,"/Applications/geant4-v11.0.0-install/lib/libG4digits_hits.dylib","/Applications/geant4-v11.0.0-install/lib/libG4track.dylib","/Applications/geant4-v11.0.0-install/lib/libG4particles.dylib","/Applications/geant4-v11.0.0-install/lib/libG4geometry.dylib","/Applications/geant4-v11.0.0-install/lib/libG4materials.dylib","/Applications/geant4-v11.0.0-install/lib/libG4zlib.dylib","/Applications/geant4-v11.0.0-install/lib/libG4graphics_reps.dylib","/Applications/geant4-v11.0.0-install/lib/libG4intercoms.dylib","/Applications/geant4-v11.0.0-install/lib/libG4global.dylib","/Applications/geant4-v11.0.0-install/lib/libG4clhep.dylib","/Applications/geant4-v11.0.0-install/lib/libG4ptl.0.0.2.dylib","$(inherited)");
				OTHER_REZFLAGS = "";
				PRODUCT_NAME = NeutronSource;
				SECTORDER_FLAGS = "";
				SYMROOT = /Users/annamaria/lavoro/X17/NeutronSource_22;
				SYSTEM_HEADER_SEARCH_PATHS = ("/Applications/geant4-v11.0.0-install/include/Geant4",/Users/annamaria/anaconda3/include/qt,/Users/annamaria/anaconda3/include/qt/QtGui,/Applications/Xcode.app/Contents/Developer/Platforms/MacOSX.platform/Developer/SDKs/MacOSX12.1.sdk/System/Library/Frameworks/OpenGL.framework/Headers,/Users/annamaria/anaconda3/include/qt/QtCore,"/Users/annamaria/anaconda3/./mkspecs/macx-clang",/Users/annamaria/anaconda3/include/qt/QtOpenGL,/Users/annamaria/anaconda3/include/qt/QtWidgets,/Users/annamaria/anaconda3/include/qt/QtPrintSupport,/opt/X11/include,/opt/local/include,"$(inherited)");
				USE_HEADERMAP = NO;
				WARNING_CFLAGS = ("$(inherited)");
			};
			name = Release;
		};
		A9119260B8574AE693CB883A /* Release */ = {
			isa = XCBuildConfiguration;
			buildSettings = {
				COMBINE_HIDPI_IMAGES = YES;
				GCC_GENERATE_DEBUGGING_SYMBOLS = YES;
				GCC_INLINES_ARE_PRIVATE_EXTERN = NO;
				GCC_OPTIMIZATION_LEVEL = 0;
				GCC_PREPROCESSOR_DEFINITIONS = ("'CMAKE_INTDIR=\"$(CONFIGURATION)$(EFFECTIVE_PLATFORM_NAME)\"'","$(inherited)");
				GCC_SYMBOLS_PRIVATE_EXTERN = NO;
				INSTALL_PATH = "";
				OTHER_LDFLAGS = ("","$(inherited)");
				OTHER_REZFLAGS = "";
				PRODUCT_NAME = ALL_BUILD;
				SECTORDER_FLAGS = "";
				SYMROOT = /Users/annamaria/lavoro/X17/NeutronSource_22;
				USE_HEADERMAP = NO;
				WARNING_CFLAGS = ("$(inherited)");
			};
			name = Release;
		};
		A94A9D735D14463B97E10651 /* Debug */ = {
			isa = XCBuildConfiguration;
			buildSettings = {
				COMBINE_HIDPI_IMAGES = YES;
				GCC_GENERATE_DEBUGGING_SYMBOLS = YES;
				GCC_INLINES_ARE_PRIVATE_EXTERN = NO;
				GCC_OPTIMIZATION_LEVEL = 0;
				GCC_PREPROCESSOR_DEFINITIONS = ("'CMAKE_INTDIR=\"$(CONFIGURATION)$(EFFECTIVE_PLATFORM_NAME)\"'","$(inherited)");
				GCC_SYMBOLS_PRIVATE_EXTERN = NO;
				INSTALL_PATH = "";
				OTHER_LDFLAGS = ("","$(inherited)");
				OTHER_REZFLAGS = "";
				PRODUCT_NAME = ALL_BUILD;
				SECTORDER_FLAGS = "";
				SYMROOT = /Users/annamaria/lavoro/X17/NeutronSource_22;
				USE_HEADERMAP = NO;
				WARNING_CFLAGS = ("$(inherited)");
			};
			name = Debug;
		};
		B4155DB85F834EAB9775F0C4 /* RelWithDebInfo */ = {
			isa = XCBuildConfiguration;
			buildSettings = {
				COMBINE_HIDPI_IMAGES = YES;
				EXECUTABLE_PREFIX = "";
				EXECUTABLE_SUFFIX = "";
				FRAMEWORK_SEARCH_PATHS = (/Applications/Xcode.app/Contents/Developer/Platforms/MacOSX.platform/Developer/SDKs/MacOSX12.1.sdk/System/Library/Frameworks,"$(inherited)");
				GCC_GENERATE_DEBUGGING_SYMBOLS = YES;
				GCC_INLINES_ARE_PRIVATE_EXTERN = NO;
				GCC_OPTIMIZATION_LEVEL = 2;
				GCC_PREPROCESSOR_DEFINITIONS = ("'CMAKE_INTDIR=\"$(CONFIGURATION)$(EFFECTIVE_PLATFORM_NAME)\"'",G4UI_USE_TCSH,G4UI_USE_QT,G4VIS_USE_OPENGLQT,G4VIS_USE_OPENGLX,G4VIS_USE_OPENGL,G4LIB_BUILD_DLL,QT_GUI_LIB,QT_CORE_LIB,QT_NO_DEBUG,QT_OPENGL_LIB,QT_WIDGETS_LIB,QT_PRINTSUPPORT_LIB,"$(inherited)");
				GCC_SYMBOLS_PRIVATE_EXTERN = NO;
				HEADER_SEARCH_PATHS = (/Users/annamaria/lavoro/X17/NeutronSource_22/include,"$(inherited)");
				INSTALL_PATH = "";
				LD_RUNPATH_SEARCH_PATHS = ("/Applications/geant4-v11.0.0-install/lib /Users/annamaria/anaconda3/lib","$(inherited)");
				OTHER_CPLUSPLUSFLAGS = "-W -Wall -pedantic -Wno-non-virtual-dtor -Wno-long-long -Wwrite-strings -Wpointer-arith -Woverloaded-virtual -Wno-variadic-macros -Wshadow -pipe -Qunused-arguments -DGL_SILENCE_DEPRECATION -pthread -ftls-model=initial-exec -std=c++17                -DNDEBUG -fPIC '-std=gnu++17' ";
				OTHER_LDFLAGS = (" -Wl,-search_paths_first -Wl,-headerpad_max_install_names","/Applications/geant4-v11.0.0-install/lib/libG4Tree.dylib","/Applications/geant4-v11.0.0-install/lib/libG4FR.dylib","/Applications/geant4-v11.0.0-install/lib/libG4GMocren.dylib","/Applications/geant4-v11.0.0-install/lib/libG4visHepRep.dylib","/Applications/geant4-v11.0.0-install/lib/libG4RayTracer.dylib","/Applications/geant4-v11.0.0-install/lib/libG4VRML.dylib","/Applications/geant4-v11.0.0-install/lib/libG4OpenGL.dylib","/Applications/geant4-v11.0.0-install/lib/libG4gl2ps.dylib","/Applications/geant4-v11.0.0-install/lib/libG4vis_management.dylib","/Applications/geant4-v11.0.0-install/lib/libG4modeling.dylib","/Applications/geant4-v11.0.0-install/lib/libG4interfaces.dylib","/Applications/geant4-v11.0.0-install/lib/libG4persistency.dylib","/Applications/geant4-v11.0.0-install/lib/libG4error_propagation.dylib","/Applications/geant4-v11.0.0-install/lib/libG4readout.dylib","/Applications/geant4-v11.0.0-install/lib/libG4physicslists.dylib","/Applications/geant4-v11.0.0-install/lib/libG4tasking.dylib","/Applications/geant4-v11.0.0-install/lib/libG4parmodels.dylib","-framework OpenGL",/Users/annamaria/anaconda3/lib/libQt5OpenGL.5.9.7.dylib,/Users/annamaria/anaconda3/lib/libQt5PrintSupport.5.9.7.dylib,/Users/annamaria/anaconda3/lib/libQt5Widgets.5.9.7.dylib,/Users/annamaria/anaconda3/lib/libQt5Gui.5.9.7.dylib,/Users/annamaria/anaconda3/lib/libQt5Core.5.9.7.dylib,/opt/X11/lib/libXmu.dylib,/opt/local/lib/libXext.dylib,/opt/X11/lib/libXt.dylib,/opt/X11/lib/libICE.dylib,/opt/X11/lib/libSM.dylib,/opt/local/lib/libX11.dylib,/opt/X11/lib/libGL.dylib,"/Applications/geant4-v11.0.0-install/lib/libG4run.dylib","/Applications/geant4-v11.0.0-install/lib/libG4event.dylib","/Applications/geant4-v11.0.0-install/lib/libG4tracking.dylib","/Applications/geant4-v11.0.0-install/lib/libG4processes.dylib","/Applications/geant4-v11.0.0-install/lib/libG4analysis.dylib","/Applications/geant4-v11.0.0-install/lib/libG4tools.dylib",/Applications/Xcode.app/Contents/Developer/Platforms/MacOSX.platform/Developer/SDKs/MacOSX12.1.sdk/usr/lib/libexpat.tbd,"/Applications/geant4-v11.0.0-install/lib/libG4digits_hits.dylib","/Applications/geant4-v11.0.0-install/lib/libG4track.dylib","/Applications/geant4-v11.0.0-install/lib/libG4particles.dylib","/Applications/geant4-v11.0.0-install/lib/libG4geometry.dylib","/Applications/geant4-v11.0.0-install/lib/libG4materials.dylib","/Applications/geant4-v11.0.0-install/lib/libG4zlib.dylib","/Applications/geant4-v11.0.0-install/lib/libG4graphics_reps.dylib","/Applications/geant4-v11.0.0-install/lib/libG4intercoms.dylib","/Applications/geant4-v11.0.0-install/lib/libG4global.dylib","/Applications/geant4-v11.0.0-install/lib/libG4clhep.dylib","/Applications/geant4-v11.0.0-install/lib/libG4ptl.0.0.2.dylib","$(inherited)");
				OTHER_REZFLAGS = "";
				PRODUCT_NAME = NeutronSource;
				SECTORDER_FLAGS = "";
				SYMROOT = /Users/annamaria/lavoro/X17/NeutronSource_22;
				SYSTEM_HEADER_SEARCH_PATHS = ("/Applications/geant4-v11.0.0-install/include/Geant4",/Users/annamaria/anaconda3/include/qt,/Users/annamaria/anaconda3/include/qt/QtGui,/Applications/Xcode.app/Contents/Developer/Platforms/MacOSX.platform/Developer/SDKs/MacOSX12.1.sdk/System/Library/Frameworks/OpenGL.framework/Headers,/Users/annamaria/anaconda3/include/qt/QtCore,"/Users/annamaria/anaconda3/./mkspecs/macx-clang",/Users/annamaria/anaconda3/include/qt/QtOpenGL,/Users/annamaria/anaconda3/include/qt/QtWidgets,/Users/annamaria/anaconda3/include/qt/QtPrintSupport,/opt/X11/include,/opt/local/include,"$(inherited)");
				USE_HEADERMAP = NO;
				WARNING_CFLAGS = ("$(inherited)");
			};
			name = RelWithDebInfo;
		};
		B7601A2746834D0289243056 /* MinSizeRel */ = {
			isa = XCBuildConfiguration;
			buildSettings = {
				COMBINE_HIDPI_IMAGES = YES;
				GCC_GENERATE_DEBUGGING_SYMBOLS = YES;
				GCC_INLINES_ARE_PRIVATE_EXTERN = NO;
				GCC_OPTIMIZATION_LEVEL = 0;
				GCC_PREPROCESSOR_DEFINITIONS = ("'CMAKE_INTDIR=\"$(CONFIGURATION)$(EFFECTIVE_PLATFORM_NAME)\"'","$(inherited)");
				GCC_SYMBOLS_PRIVATE_EXTERN = NO;
				INSTALL_PATH = "";
				OTHER_LDFLAGS = ("","$(inherited)");
				OTHER_REZFLAGS = "";
				PRODUCT_NAME = install;
				SECTORDER_FLAGS = "";
				SYMROOT = /Users/annamaria/lavoro/X17/NeutronSource_22;
				USE_HEADERMAP = NO;
				WARNING_CFLAGS = ("$(inherited)");
			};
			name = MinSizeRel;
		};
		D398D3DC6B354B73B008D5B1 /* Release */ = {
			isa = XCBuildConfiguration;
			buildSettings = {
				COMBINE_HIDPI_IMAGES = YES;
				GCC_GENERATE_DEBUGGING_SYMBOLS = YES;
				GCC_INLINES_ARE_PRIVATE_EXTERN = NO;
				GCC_OPTIMIZATION_LEVEL = 0;
				GCC_PREPROCESSOR_DEFINITIONS = ("'CMAKE_INTDIR=\"$(CONFIGURATION)$(EFFECTIVE_PLATFORM_NAME)\"'","$(inherited)");
				GCC_SYMBOLS_PRIVATE_EXTERN = NO;
				INSTALL_PATH = "";
				OTHER_LDFLAGS = ("","$(inherited)");
				OTHER_REZFLAGS = "";
				PRODUCT_NAME = install;
				SECTORDER_FLAGS = "";
				SYMROOT = /Users/annamaria/lavoro/X17/NeutronSource_22;
				USE_HEADERMAP = NO;
				WARNING_CFLAGS = ("$(inherited)");
			};
			name = Release;
		};
		DB980CA773FC456A8BED183A /* RelWithDebInfo */ = {
			isa = XCBuildConfiguration;
			buildSettings = {
				ARCHS = "$(NATIVE_ARCH_ACTUAL)";
				ONLY_ACTIVE_ARCH = YES;
				SDKROOT = /Applications/Xcode.app/Contents/Developer/Platforms/MacOSX.platform/Developer/SDKs/MacOSX12.1.sdk;
				SYMROOT = /Users/annamaria/lavoro/X17/NeutronSource_22/build;
			};
			name = RelWithDebInfo;
		};
		EB026DBFB6974A779CC3E795 /* RelWithDebInfo */ = {
			isa = XCBuildConfiguration;
			buildSettings = {
				COMBINE_HIDPI_IMAGES = YES;
				GCC_GENERATE_DEBUGGING_SYMBOLS = YES;
				GCC_INLINES_ARE_PRIVATE_EXTERN = NO;
				GCC_OPTIMIZATION_LEVEL = 0;
				GCC_PREPROCESSOR_DEFINITIONS = ("'CMAKE_INTDIR=\"$(CONFIGURATION)$(EFFECTIVE_PLATFORM_NAME)\"'","$(inherited)");
				GCC_SYMBOLS_PRIVATE_EXTERN = NO;
				INSTALL_PATH = "";
				OTHER_LDFLAGS = ("","$(inherited)");
				OTHER_REZFLAGS = "";
				PRODUCT_NAME = ALL_BUILD;
				SECTORDER_FLAGS = "";
				SYMROOT = /Users/annamaria/lavoro/X17/NeutronSource_22;
				USE_HEADERMAP = NO;
				WARNING_CFLAGS = ("$(inherited)");
			};
			name = RelWithDebInfo;
		};
		F1A7C1E331FE4609AC6A1131 /* Debug */ = {
			isa = XCBuildConfiguration;
			buildSettings = {
				ARCHS = "$(NATIVE_ARCH_ACTUAL)";
				ONLY_ACTIVE_ARCH = YES;
				SDKROOT = /Applications/Xcode.app/Contents/Developer/Platforms/MacOSX.platform/Developer/SDKs/MacOSX12.1.sdk;
				SYMROOT = /Users/annamaria/lavoro/X17/NeutronSource_22/build;
			};
			name = Debug;
		};
		F37D730D26784BE5BD8A165B /* MinSizeRel */ = {
			isa = XCBuildConfiguration;
			buildSettings = {
				ARCHS = "$(NATIVE_ARCH_ACTUAL)";
				ONLY_ACTIVE_ARCH = YES;
				SDKROOT = /Applications/Xcode.app/Contents/Developer/Platforms/MacOSX.platform/Developer/SDKs/MacOSX12.1.sdk;
				SYMROOT = /Users/annamaria/lavoro/X17/NeutronSource_22/build;
			};
			name = MinSizeRel;
		};
/* End XCBuildConfiguration section */

/* Begin XCConfigurationList section */
		04C7AFF117284033A261E796 /* Build configuration list for PBXNativeTarget "NeutronSource" */ = {
			isa = XCConfigurationList;
			buildConfigurations = (
				2EC7255CAFED4B2BB2790501 /* Debug */,
				9DBD949B4DB9426B9EDC9AFC /* Release */,
				66C297E2E38B47AE9851B197 /* MinSizeRel */,
				B4155DB85F834EAB9775F0C4 /* RelWithDebInfo */,
			);
			defaultConfigurationIsVisible = 0;
			defaultConfigurationName = Debug;
		};
		52EF2B79B0334CAA9FDFCD45 /* Build configuration list for PBXProject "NeutronSource_22" */ = {
			isa = XCConfigurationList;
			buildConfigurations = (
				F1A7C1E331FE4609AC6A1131 /* Debug */,
				13BD7FBF91EC4B91BEAB3DF5 /* Release */,
				F37D730D26784BE5BD8A165B /* MinSizeRel */,
				DB980CA773FC456A8BED183A /* RelWithDebInfo */,
			);
			defaultConfigurationIsVisible = 0;
			defaultConfigurationName = Debug;
		};
		9E79742B2AD74363869EA4C9 /* Build configuration list for PBXAggregateTarget "ALL_BUILD" */ = {
			isa = XCConfigurationList;
			buildConfigurations = (
				A94A9D735D14463B97E10651 /* Debug */,
				A9119260B8574AE693CB883A /* Release */,
				0DF8695D6C3942DEA9EAC902 /* MinSizeRel */,
				EB026DBFB6974A779CC3E795 /* RelWithDebInfo */,
			);
			defaultConfigurationIsVisible = 0;
			defaultConfigurationName = Debug;
		};
		C2B257526BA14434B1AE1093 /* Build configuration list for PBXAggregateTarget "install" */ = {
			isa = XCConfigurationList;
			buildConfigurations = (
				7F7F41733C4F406CA3BDE276 /* Debug */,
				D398D3DC6B354B73B008D5B1 /* Release */,
				B7601A2746834D0289243056 /* MinSizeRel */,
				35A8C174C1664354B52A17F9 /* RelWithDebInfo */,
			);
			defaultConfigurationIsVisible = 0;
			defaultConfigurationName = Debug;
		};
		D6719A36CA6742BFA9C46565 /* Build configuration list for PBXAggregateTarget "ZERO_CHECK" */ = {
			isa = XCConfigurationList;
			buildConfigurations = (
				9D741E0405324675829C603E /* Debug */,
				21C1C288974C40318438D6FC /* Release */,
				7762523AA7B046CFAEDFF1E1 /* MinSizeRel */,
				73A8B4CE6B9D442E9E7BBF33 /* RelWithDebInfo */,
			);
			defaultConfigurationIsVisible = 0;
			defaultConfigurationName = Debug;
		};
/* End XCConfigurationList section */
	};
	rootObject = DC2EA87036B040DB9E0A2BCF /* Project object */;
}
