// !$*UTF8*$!
{
	archiveVersion = 1;
	classes = {
	};
	objectVersion = 46;
	objects = {

/* Begin PBXAggregateTarget section */
		B4A0EDA813FB48CA814421B8 /* ALL_BUILD */ = {
			isa = PBXAggregateTarget;
			buildConfigurationList = A00C24C48B7A49F4B6F39165 /* Build configuration list for PBXAggregateTarget "ALL_BUILD" */;
			buildPhases = (
				B6C90EB6BBB3F4B13A70DD21 /* Generate CMakeFiles/ALL_BUILD */,
			);
			dependencies = (
				947051549A97450D87516D57 /* PBXTargetDependency */,
				24282BBFAF29489485690592 /* PBXTargetDependency */,
			);
			name = ALL_BUILD;
			productName = ALL_BUILD;
		};
		DE51AB36782E492CBB801D42 /* ZERO_CHECK */ = {
			isa = PBXAggregateTarget;
			buildConfigurationList = EB5C336B3571427686F8606E /* Build configuration list for PBXAggregateTarget "ZERO_CHECK" */;
			buildPhases = (
				901DF9677A9D80235EEE6D78 /* Generate CMakeFiles/ZERO_CHECK */,
			);
			dependencies = (
			);
			name = ZERO_CHECK;
			productName = ZERO_CHECK;
		};
		E0752B897E174792B0978A2B /* install */ = {
			isa = PBXAggregateTarget;
			buildConfigurationList = E372869A0A99419B9C7A2DE3 /* Build configuration list for PBXAggregateTarget "install" */;
			buildPhases = (
				93426DA6A4AC2C2AC9CE883C /* CMake PostBuild Rules */,
			);
			dependencies = (
				5803E7A144B94C9BB7346586 /* PBXTargetDependency */,
			);
			name = install;
			productName = install;
		};
/* End PBXAggregateTarget section */

/* Begin PBXBuildFile section */
		00CB51AACEDE43D2BAB7286C /* /Users/annamaria/lavoro/X17/NeutronSource_22/NeutronSource.cc */ = {isa = PBXBuildFile; fileRef = B54F2F17AC99458AA3E563A1 /* /Users/annamaria/lavoro/X17/NeutronSource_22/NeutronSource.cc */; };
		09120C6B5D0F4542B97285AE /* /Users/annamaria/lavoro/X17/NeutronSource_22/include/HistoManager.hh */ = {isa = PBXBuildFile; fileRef = 355E961A336E4650A4E174D9 /* /Users/annamaria/lavoro/X17/NeutronSource_22/include/HistoManager.hh */; };
		09907C296A264D99AFFD24E5 /* /Users/annamaria/lavoro/X17/NeutronSource_22/src/Run.cc */ = {isa = PBXBuildFile; fileRef = 33BD005790554ADF9C349256 /* /Users/annamaria/lavoro/X17/NeutronSource_22/src/Run.cc */; };
		1671B7982A6D4484BB383ABA /* /Users/annamaria/lavoro/X17/NeutronSource_22/src/RadioactiveDecayPhysics.cc */ = {isa = PBXBuildFile; fileRef = EC1AF282FD004707AB4BF48B /* /Users/annamaria/lavoro/X17/NeutronSource_22/src/RadioactiveDecayPhysics.cc */; };
		1A92AACC10F84AD6B9E42849 /* /Users/annamaria/lavoro/X17/NeutronSource_22/include/DetectorMessenger.hh */ = {isa = PBXBuildFile; fileRef = D690A253231946029ACB83C3 /* /Users/annamaria/lavoro/X17/NeutronSource_22/include/DetectorMessenger.hh */; };
		271BEDA855964790AF43C758 /* /Users/annamaria/lavoro/X17/NeutronSource_22/src/PrimaryGeneratorAction.cc */ = {isa = PBXBuildFile; fileRef = 78DDE00452E944E48A9401F9 /* /Users/annamaria/lavoro/X17/NeutronSource_22/src/PrimaryGeneratorAction.cc */; };
		284CABEF40D447CEBB78143E /* /Users/annamaria/lavoro/X17/NeutronSource_22/src/DetectorConstruction.cc */ = {isa = PBXBuildFile; fileRef = 54CB5C4FCE5A4BAD9302021E /* /Users/annamaria/lavoro/X17/NeutronSource_22/src/DetectorConstruction.cc */; };
		28A2AC5D21E648D59013C4FF /* /Users/annamaria/lavoro/X17/NeutronSource_22/include/TrackingAction.hh */ = {isa = PBXBuildFile; fileRef = 1279F9B096954600AE251088 /* /Users/annamaria/lavoro/X17/NeutronSource_22/include/TrackingAction.hh */; };
		2AA6CC6CCB4C47D18AE47DBE /* /Users/annamaria/lavoro/X17/NeutronSource_22/src/SteppingAction.cc */ = {isa = PBXBuildFile; fileRef = 037DF4A509CA4713A0CDC4D3 /* /Users/annamaria/lavoro/X17/NeutronSource_22/src/SteppingAction.cc */; };
		2C177086BE7A4B1881818415 /* /Users/annamaria/lavoro/X17/NeutronSource_22/include/GammaNuclearPhysicsLEND.hh */ = {isa = PBXBuildFile; fileRef = 1D982C009D284082AC5C9EA1 /* /Users/annamaria/lavoro/X17/NeutronSource_22/include/GammaNuclearPhysicsLEND.hh */; };
		2FA5BC6EEAC148B3BAB11BE7 /* /Users/annamaria/lavoro/X17/NeutronSource_22/include/PrimaryGeneratorAction.hh */ = {isa = PBXBuildFile; fileRef = CFA131C89515495FA25C10AB /* /Users/annamaria/lavoro/X17/NeutronSource_22/include/PrimaryGeneratorAction.hh */; };
		41FE5969D3D54FDE9F010A03 /* /Users/annamaria/lavoro/X17/NeutronSource_22/include/ElectromagneticPhysics.hh */ = {isa = PBXBuildFile; fileRef = EAB3D113CA5B497B877A8352 /* /Users/annamaria/lavoro/X17/NeutronSource_22/include/ElectromagneticPhysics.hh */; };
		4AC931A05D954659A54B775A /* /Users/annamaria/lavoro/X17/NeutronSource_22/include/RunAction.hh */ = {isa = PBXBuildFile; fileRef = 5BAC352FA2ED409ABA8A1FB1 /* /Users/annamaria/lavoro/X17/NeutronSource_22/include/RunAction.hh */; };
		59169DB5D25C40908E8B9C77 /* /Users/annamaria/lavoro/X17/NeutronSource_22/src/DetectorMessenger.cc */ = {isa = PBXBuildFile; fileRef = 5809A3964195422EB384936A /* /Users/annamaria/lavoro/X17/NeutronSource_22/src/DetectorMessenger.cc */; };
		59CFA7624CD64F1B8CB130A9 /* /Users/annamaria/lavoro/X17/NeutronSource_22/CMakeLists.txt */ = {isa = PBXBuildFile; fileRef = 5A6E84D25825479B998F32F5 /* /Users/annamaria/lavoro/X17/NeutronSource_22/CMakeLists.txt */; };
		5CC82DF3C9544C11BE38E1F1 /* /Users/annamaria/lavoro/X17/NeutronSource_22/src/TrackingAction.cc */ = {isa = PBXBuildFile; fileRef = 40A1585F2251433CA145C92D /* /Users/annamaria/lavoro/X17/NeutronSource_22/src/TrackingAction.cc */; };
		5CEA163C531D4260B420F3F6 /* /Users/annamaria/lavoro/X17/NeutronSource_22/src/GammaNuclearPhysics.cc */ = {isa = PBXBuildFile; fileRef = 2A95657A6029455CAF33BA06 /* /Users/annamaria/lavoro/X17/NeutronSource_22/src/GammaNuclearPhysics.cc */; };
		754F761A28CB4682958729A6 /* /Users/annamaria/lavoro/X17/NeutronSource_22/src/PhysicsList.cc */ = {isa = PBXBuildFile; fileRef = 5BD76B284EA647A4A437655D /* /Users/annamaria/lavoro/X17/NeutronSource_22/src/PhysicsList.cc */; };
		7EF7944D4D454AC68C11584B /* /Users/annamaria/lavoro/X17/NeutronSource_22/src/ActionInitialization.cc */ = {isa = PBXBuildFile; fileRef = 6F8908DC389F43B5A2C79E06 /* /Users/annamaria/lavoro/X17/NeutronSource_22/src/ActionInitialization.cc */; };
		841B5567FC3E4BFBBDDB69C8 /* /Users/annamaria/lavoro/X17/NeutronSource_22/src/EventAction.cc */ = {isa = PBXBuildFile; fileRef = D09889D924944A37B2018322 /* /Users/annamaria/lavoro/X17/NeutronSource_22/src/EventAction.cc */; };
		895FE5D058BD487785583947 /* /Users/annamaria/lavoro/X17/NeutronSource_22/src/ElectromagneticPhysics.cc */ = {isa = PBXBuildFile; fileRef = CAA9998A7A014F528A9227DB /* /Users/annamaria/lavoro/X17/NeutronSource_22/src/ElectromagneticPhysics.cc */; };
		93435250E77B43C687E88B32 /* /Users/annamaria/lavoro/X17/NeutronSource_22/include/RadioactiveDecayPhysics.hh */ = {isa = PBXBuildFile; fileRef = 633B0B184B3F4ED1A6313378 /* /Users/annamaria/lavoro/X17/NeutronSource_22/include/RadioactiveDecayPhysics.hh */; };
		945558F2263E482E9D5DA537 /* /Users/annamaria/lavoro/X17/NeutronSource_22/include/FileReader.hh */ = {isa = PBXBuildFile; fileRef = A5135ED72B6C47BAA5425DA6 /* /Users/annamaria/lavoro/X17/NeutronSource_22/include/FileReader.hh */; };
		9B7936653AF447498E882811 /* /Users/annamaria/lavoro/X17/NeutronSource_22/src/FileReader.cc */ = {isa = PBXBuildFile; fileRef = 42F2B7F27C364FB581CA7D59 /* /Users/annamaria/lavoro/X17/NeutronSource_22/src/FileReader.cc */; };
		9D7C7759C44C488F8F9FBA66 /* /Users/annamaria/lavoro/X17/NeutronSource_22/src/HadronElasticPhysicsHP.cc */ = {isa = PBXBuildFile; fileRef = EE61FF270F804D79955759AB /* /Users/annamaria/lavoro/X17/NeutronSource_22/src/HadronElasticPhysicsHP.cc */; };
		AC1869E6FCCC47B68D14A874 /* /Users/annamaria/lavoro/X17/NeutronSource_22/src/GammaNuclearPhysicsLEND.cc */ = {isa = PBXBuildFile; fileRef = AF3545720ABA4B2490EB5BF9 /* /Users/annamaria/lavoro/X17/NeutronSource_22/src/GammaNuclearPhysicsLEND.cc */; };
		BCF68F7507CB4CAB96A88EBD /* /Users/annamaria/lavoro/X17/NeutronSource_22/include/DetectorConstruction.hh */ = {isa = PBXBuildFile; fileRef = 8F2F31366F8B4AB58E8B991B /* /Users/annamaria/lavoro/X17/NeutronSource_22/include/DetectorConstruction.hh */; };
		C04F4AB267FA4BBF9476779F /* /Users/annamaria/lavoro/X17/NeutronSource_22/src/HistoManager.cc */ = {isa = PBXBuildFile; fileRef = C1DE9AD67E74414B94ABDF9A /* /Users/annamaria/lavoro/X17/NeutronSource_22/src/HistoManager.cc */; };
		C17467C28A344C2C86C1AA04 /* /Users/annamaria/lavoro/X17/NeutronSource_22/include/PhysicsList.hh */ = {isa = PBXBuildFile; fileRef = D175375D4E8849B78AAD8B29 /* /Users/annamaria/lavoro/X17/NeutronSource_22/include/PhysicsList.hh */; };
		C50AF70B706D4CEBB0B1C8E1 /* /Users/annamaria/lavoro/X17/NeutronSource_22/include/Run.hh */ = {isa = PBXBuildFile; fileRef = AD2ED0DA08FE499CADD744C8 /* /Users/annamaria/lavoro/X17/NeutronSource_22/include/Run.hh */; };
		D02CF85C093A4622A1EB03A4 /* /Users/annamaria/lavoro/X17/NeutronSource_22/src/RunAction.cc */ = {isa = PBXBuildFile; fileRef = 0BE005667234425B982AC87C /* /Users/annamaria/lavoro/X17/NeutronSource_22/src/RunAction.cc */; };
		D29DCFBCDE3A4C5586213DBC /* /Users/annamaria/lavoro/X17/NeutronSource_22/include/SteppingAction.hh */ = {isa = PBXBuildFile; fileRef = 477C13B7EB0547A080C6DBB9 /* /Users/annamaria/lavoro/X17/NeutronSource_22/include/SteppingAction.hh */; };
		DAD704CA324441CCB7334CFA /* /Users/annamaria/lavoro/X17/NeutronSource_22/include/GammaNuclearPhysics.hh */ = {isa = PBXBuildFile; fileRef = 3394242C08F9474A841D7DE5 /* /Users/annamaria/lavoro/X17/NeutronSource_22/include/GammaNuclearPhysics.hh */; };
		E4D498CECA0A4ACC99678768 /* /Users/annamaria/lavoro/X17/NeutronSource_22/include/EventAction.hh */ = {isa = PBXBuildFile; fileRef = 3DEE5C93F4E746ADB1A48FF2 /* /Users/annamaria/lavoro/X17/NeutronSource_22/include/EventAction.hh */; };
		F301DA3403F0444495E28FFC /* /Users/annamaria/lavoro/X17/NeutronSource_22/include/HadronElasticPhysicsHP.hh */ = {isa = PBXBuildFile; fileRef = 79739373911C470C8910FE74 /* /Users/annamaria/lavoro/X17/NeutronSource_22/include/HadronElasticPhysicsHP.hh */; };
		FA66F34827C44BC883540E8B /* /Users/annamaria/lavoro/X17/NeutronSource_22/include/ActionInitialization.hh */ = {isa = PBXBuildFile; fileRef = 061A0EDECB604505ADCE7269 /* /Users/annamaria/lavoro/X17/NeutronSource_22/include/ActionInitialization.hh */; };
/* End PBXBuildFile section */

/* Begin PBXBuildStyle section */
		116B6FC3E24A403C8BBB00D8 /* Release */ = {
			isa = PBXBuildStyle;
			buildSettings = {
				COPY_PHASE_STRIP = NO;
			};
			name = Release;
		};
		42E4635EDBBD4FF1AEDAD2FF /* MinSizeRel */ = {
			isa = PBXBuildStyle;
			buildSettings = {
				COPY_PHASE_STRIP = NO;
			};
			name = MinSizeRel;
		};
		B802D252CC5649B6BE60A1C2 /* RelWithDebInfo */ = {
			isa = PBXBuildStyle;
			buildSettings = {
				COPY_PHASE_STRIP = NO;
			};
			name = RelWithDebInfo;
		};
		D3DE7B98827F47B0B6BBD25F /* Debug */ = {
			isa = PBXBuildStyle;
			buildSettings = {
				COPY_PHASE_STRIP = NO;
			};
			name = Debug;
		};
/* End PBXBuildStyle section */

/* Begin PBXContainerItemProxy section */
		24BE615055764D7A94C62A1E /* PBXContainerItemProxy */ = {
			isa = PBXContainerItemProxy;
			containerPortal = DC2EA87036B040DB9E0A2BCF /* Project object */;
			proxyType = 1;
			remoteGlobalIDString = DE51AB36782E492CBB801D42;
			remoteInfo = ZERO_CHECK;
		};
		5257591984F64B44B3AE0ACB /* PBXContainerItemProxy */ = {
			isa = PBXContainerItemProxy;
			containerPortal = DC2EA87036B040DB9E0A2BCF /* Project object */;
			proxyType = 1;
			remoteGlobalIDString = DE51AB36782E492CBB801D42;
			remoteInfo = ZERO_CHECK;
		};
		A582AC5FC221433CB0E66103 /* PBXContainerItemProxy */ = {
			isa = PBXContainerItemProxy;
			containerPortal = DC2EA87036B040DB9E0A2BCF /* Project object */;
			proxyType = 1;
			remoteGlobalIDString = B8506EE53FB94BF9843263A5;
			remoteInfo = NeutronSource;
		};
		DEDE16748C164364AE3CAAF4 /* PBXContainerItemProxy */ = {
			isa = PBXContainerItemProxy;
			containerPortal = DC2EA87036B040DB9E0A2BCF /* Project object */;
			proxyType = 1;
			remoteGlobalIDString = B4A0EDA813FB48CA814421B8;
			remoteInfo = ALL_BUILD;
		};
/* End PBXContainerItemProxy section */

/* Begin PBXFileReference section */
		037DF4A509CA4713A0CDC4D3 /* /Users/annamaria/lavoro/X17/NeutronSource_22/src/SteppingAction.cc */ = {isa = PBXFileReference; explicitFileType = sourcecode.cpp.cpp; fileEncoding = 4; name = SteppingAction.cc; path = src/SteppingAction.cc; sourceTree = SOURCE_ROOT; };
		061A0EDECB604505ADCE7269 /* /Users/annamaria/lavoro/X17/NeutronSource_22/include/ActionInitialization.hh */ = {isa = PBXFileReference; explicitFileType = sourcecode.cpp.h; fileEncoding = 4; name = ActionInitialization.hh; path = include/ActionInitialization.hh; sourceTree = SOURCE_ROOT; };
		0BE005667234425B982AC87C /* /Users/annamaria/lavoro/X17/NeutronSource_22/src/RunAction.cc */ = {isa = PBXFileReference; explicitFileType = sourcecode.cpp.cpp; fileEncoding = 4; name = RunAction.cc; path = src/RunAction.cc; sourceTree = SOURCE_ROOT; };
		1279F9B096954600AE251088 /* /Users/annamaria/lavoro/X17/NeutronSource_22/include/TrackingAction.hh */ = {isa = PBXFileReference; explicitFileType = sourcecode.cpp.h; fileEncoding = 4; name = TrackingAction.hh; path = include/TrackingAction.hh; sourceTree = SOURCE_ROOT; };
		1D982C009D284082AC5C9EA1 /* /Users/annamaria/lavoro/X17/NeutronSource_22/include/GammaNuclearPhysicsLEND.hh */ = {isa = PBXFileReference; explicitFileType = sourcecode.cpp.h; fileEncoding = 4; name = GammaNuclearPhysicsLEND.hh; path = include/GammaNuclearPhysicsLEND.hh; sourceTree = SOURCE_ROOT; };
		2A95657A6029455CAF33BA06 /* /Users/annamaria/lavoro/X17/NeutronSource_22/src/GammaNuclearPhysics.cc */ = {isa = PBXFileReference; explicitFileType = sourcecode.cpp.cpp; fileEncoding = 4; name = GammaNuclearPhysics.cc; path = src/GammaNuclearPhysics.cc; sourceTree = SOURCE_ROOT; };
		3394242C08F9474A841D7DE5 /* /Users/annamaria/lavoro/X17/NeutronSource_22/include/GammaNuclearPhysics.hh */ = {isa = PBXFileReference; explicitFileType = sourcecode.cpp.h; fileEncoding = 4; name = GammaNuclearPhysics.hh; path = include/GammaNuclearPhysics.hh; sourceTree = SOURCE_ROOT; };
		33BD005790554ADF9C349256 /* /Users/annamaria/lavoro/X17/NeutronSource_22/src/Run.cc */ = {isa = PBXFileReference; explicitFileType = sourcecode.cpp.cpp; fileEncoding = 4; name = Run.cc; path = src/Run.cc; sourceTree = SOURCE_ROOT; };
		355E961A336E4650A4E174D9 /* /Users/annamaria/lavoro/X17/NeutronSource_22/include/HistoManager.hh */ = {isa = PBXFileReference; explicitFileType = sourcecode.cpp.h; fileEncoding = 4; name = HistoManager.hh; path = include/HistoManager.hh; sourceTree = SOURCE_ROOT; };
		3DEE5C93F4E746ADB1A48FF2 /* /Users/annamaria/lavoro/X17/NeutronSource_22/include/EventAction.hh */ = {isa = PBXFileReference; explicitFileType = sourcecode.cpp.h; fileEncoding = 4; name = EventAction.hh; path = include/EventAction.hh; sourceTree = SOURCE_ROOT; };
		40A1585F2251433CA145C92D /* /Users/annamaria/lavoro/X17/NeutronSource_22/src/TrackingAction.cc */ = {isa = PBXFileReference; explicitFileType = sourcecode.cpp.cpp; fileEncoding = 4; name = TrackingAction.cc; path = src/TrackingAction.cc; sourceTree = SOURCE_ROOT; };
		42F2B7F27C364FB581CA7D59 /* /Users/annamaria/lavoro/X17/NeutronSource_22/src/FileReader.cc */ = {isa = PBXFileReference; explicitFileType = sourcecode.cpp.cpp; fileEncoding = 4; name = FileReader.cc; path = src/FileReader.cc; sourceTree = SOURCE_ROOT; };
		477C13B7EB0547A080C6DBB9 /* /Users/annamaria/lavoro/X17/NeutronSource_22/include/SteppingAction.hh */ = {isa = PBXFileReference; explicitFileType = sourcecode.cpp.h; fileEncoding = 4; name = SteppingAction.hh; path = include/SteppingAction.hh; sourceTree = SOURCE_ROOT; };
		49512B6A2377465CAAD9CB9B /* NeutronSource */ = {isa = PBXFileReference; explicitFileType = "compiled.mach-o.executable"; path = NeutronSource; sourceTree = BUILT_PRODUCTS_DIR; };
		509556130E5C47029E8B3EB5 /* /Users/annamaria/lavoro/X17/NeutronSource_22/CMakeLists.txt */ = {isa = PBXFileReference; explicitFileType = sourcecode.text; fileEncoding = 4; name = CMakeLists.txt; path = CMakeLists.txt; sourceTree = SOURCE_ROOT; };
		54CB5C4FCE5A4BAD9302021E /* /Users/annamaria/lavoro/X17/NeutronSource_22/src/DetectorConstruction.cc */ = {isa = PBXFileReference; explicitFileType = sourcecode.cpp.cpp; fileEncoding = 4; name = DetectorConstruction.cc; path = src/DetectorConstruction.cc; sourceTree = SOURCE_ROOT; };
		5809A3964195422EB384936A /* /Users/annamaria/lavoro/X17/NeutronSource_22/src/DetectorMessenger.cc */ = {isa = PBXFileReference; explicitFileType = sourcecode.cpp.cpp; fileEncoding = 4; name = DetectorMessenger.cc; path = src/DetectorMessenger.cc; sourceTree = SOURCE_ROOT; };
		5A6E84D25825479B998F32F5 /* /Users/annamaria/lavoro/X17/NeutronSource_22/CMakeLists.txt */ = {isa = PBXFileReference; explicitFileType = sourcecode.text; fileEncoding = 4; name = CMakeLists.txt; path = CMakeLists.txt; sourceTree = SOURCE_ROOT; };
		5BAC352FA2ED409ABA8A1FB1 /* /Users/annamaria/lavoro/X17/NeutronSource_22/include/RunAction.hh */ = {isa = PBXFileReference; explicitFileType = sourcecode.cpp.h; fileEncoding = 4; name = RunAction.hh; path = include/RunAction.hh; sourceTree = SOURCE_ROOT; };
		5BD76B284EA647A4A437655D /* /Users/annamaria/lavoro/X17/NeutronSource_22/src/PhysicsList.cc */ = {isa = PBXFileReference; explicitFileType = sourcecode.cpp.cpp; fileEncoding = 4; name = PhysicsList.cc; path = src/PhysicsList.cc; sourceTree = SOURCE_ROOT; };
		633B0B184B3F4ED1A6313378 /* /Users/annamaria/lavoro/X17/NeutronSource_22/include/RadioactiveDecayPhysics.hh */ = {isa = PBXFileReference; explicitFileType = sourcecode.cpp.h; fileEncoding = 4; name = RadioactiveDecayPhysics.hh; path = include/RadioactiveDecayPhysics.hh; sourceTree = SOURCE_ROOT; };
		6F8908DC389F43B5A2C79E06 /* /Users/annamaria/lavoro/X17/NeutronSource_22/src/ActionInitialization.cc */ = {isa = PBXFileReference; explicitFileType = sourcecode.cpp.cpp; fileEncoding = 4; name = ActionInitialization.cc; path = src/ActionInitialization.cc; sourceTree = SOURCE_ROOT; };
		78DDE00452E944E48A9401F9 /* /Users/annamaria/lavoro/X17/NeutronSource_22/src/PrimaryGeneratorAction.cc */ = {isa = PBXFileReference; explicitFileType = sourcecode.cpp.cpp; fileEncoding = 4; name = PrimaryGeneratorAction.cc; path = src/PrimaryGeneratorAction.cc; sourceTree = SOURCE_ROOT; };
		79739373911C470C8910FE74 /* /Users/annamaria/lavoro/X17/NeutronSource_22/include/HadronElasticPhysicsHP.hh */ = {isa = PBXFileReference; explicitFileType = sourcecode.cpp.h; fileEncoding = 4; name = HadronElasticPhysicsHP.hh; path = include/HadronElasticPhysicsHP.hh; sourceTree = SOURCE_ROOT; };
		8F2F31366F8B4AB58E8B991B /* /Users/annamaria/lavoro/X17/NeutronSource_22/include/DetectorConstruction.hh */ = {isa = PBXFileReference; explicitFileType = sourcecode.cpp.h; fileEncoding = 4; name = DetectorConstruction.hh; path = include/DetectorConstruction.hh; sourceTree = SOURCE_ROOT; };
		A5135ED72B6C47BAA5425DA6 /* /Users/annamaria/lavoro/X17/NeutronSource_22/include/FileReader.hh */ = {isa = PBXFileReference; explicitFileType = sourcecode.cpp.h; fileEncoding = 4; name = FileReader.hh; path = include/FileReader.hh; sourceTree = SOURCE_ROOT; };
		AD2ED0DA08FE499CADD744C8 /* /Users/annamaria/lavoro/X17/NeutronSource_22/include/Run.hh */ = {isa = PBXFileReference; explicitFileType = sourcecode.cpp.h; fileEncoding = 4; name = Run.hh; path = include/Run.hh; sourceTree = SOURCE_ROOT; };
		AF3545720ABA4B2490EB5BF9 /* /Users/annamaria/lavoro/X17/NeutronSource_22/src/GammaNuclearPhysicsLEND.cc */ = {isa = PBXFileReference; explicitFileType = sourcecode.cpp.cpp; fileEncoding = 4; name = GammaNuclearPhysicsLEND.cc; path = src/GammaNuclearPhysicsLEND.cc; sourceTree = SOURCE_ROOT; };
		B54F2F17AC99458AA3E563A1 /* /Users/annamaria/lavoro/X17/NeutronSource_22/NeutronSource.cc */ = {isa = PBXFileReference; explicitFileType = sourcecode.cpp.cpp; fileEncoding = 4; name = NeutronSource.cc; path = NeutronSource.cc; sourceTree = SOURCE_ROOT; };
		C1DE9AD67E74414B94ABDF9A /* /Users/annamaria/lavoro/X17/NeutronSource_22/src/HistoManager.cc */ = {isa = PBXFileReference; explicitFileType = sourcecode.cpp.cpp; fileEncoding = 4; name = HistoManager.cc; path = src/HistoManager.cc; sourceTree = SOURCE_ROOT; };
		CAA9998A7A014F528A9227DB /* /Users/annamaria/lavoro/X17/NeutronSource_22/src/ElectromagneticPhysics.cc */ = {isa = PBXFileReference; explicitFileType = sourcecode.cpp.cpp; fileEncoding = 4; name = ElectromagneticPhysics.cc; path = src/ElectromagneticPhysics.cc; sourceTree = SOURCE_ROOT; };
		CFA131C89515495FA25C10AB /* /Users/annamaria/lavoro/X17/NeutronSource_22/include/PrimaryGeneratorAction.hh */ = {isa = PBXFileReference; explicitFileType = sourcecode.cpp.h; fileEncoding = 4; name = PrimaryGeneratorAction.hh; path = include/PrimaryGeneratorAction.hh; sourceTree = SOURCE_ROOT; };
		D09889D924944A37B2018322 /* /Users/annamaria/lavoro/X17/NeutronSource_22/src/EventAction.cc */ = {isa = PBXFileReference; explicitFileType = sourcecode.cpp.cpp; fileEncoding = 4; name = EventAction.cc; path = src/EventAction.cc; sourceTree = SOURCE_ROOT; };
		D175375D4E8849B78AAD8B29 /* /Users/annamaria/lavoro/X17/NeutronSource_22/include/PhysicsList.hh */ = {isa = PBXFileReference; explicitFileType = sourcecode.cpp.h; fileEncoding = 4; name = PhysicsList.hh; path = include/PhysicsList.hh; sourceTree = SOURCE_ROOT; };
		D690A253231946029ACB83C3 /* /Users/annamaria/lavoro/X17/NeutronSource_22/include/DetectorMessenger.hh */ = {isa = PBXFileReference; explicitFileType = sourcecode.cpp.h; fileEncoding = 4; name = DetectorMessenger.hh; path = include/DetectorMessenger.hh; sourceTree = SOURCE_ROOT; };
		EAB3D113CA5B497B877A8352 /* /Users/annamaria/lavoro/X17/NeutronSource_22/include/ElectromagneticPhysics.hh */ = {isa = PBXFileReference; explicitFileType = sourcecode.cpp.h; fileEncoding = 4; name = ElectromagneticPhysics.hh; path = include/ElectromagneticPhysics.hh; sourceTree = SOURCE_ROOT; };
		EC1AF282FD004707AB4BF48B /* /Users/annamaria/lavoro/X17/NeutronSource_22/src/RadioactiveDecayPhysics.cc */ = {isa = PBXFileReference; explicitFileType = sourcecode.cpp.cpp; fileEncoding = 4; name = RadioactiveDecayPhysics.cc; path = src/RadioactiveDecayPhysics.cc; sourceTree = SOURCE_ROOT; };
		EE61FF270F804D79955759AB /* /Users/annamaria/lavoro/X17/NeutronSource_22/src/HadronElasticPhysicsHP.cc */ = {isa = PBXFileReference; explicitFileType = sourcecode.cpp.cpp; fileEncoding = 4; name = HadronElasticPhysicsHP.cc; path = src/HadronElasticPhysicsHP.cc; sourceTree = SOURCE_ROOT; };
/* End PBXFileReference section */

/* Begin PBXFrameworksBuildPhase section */
		BD8AD60BFC6E4A38B90FFF11 /* Frameworks */ = {
			isa = PBXFrameworksBuildPhase;
			buildActionMask = 2147483647;
			files = (
			);
			runOnlyForDeploymentPostprocessing = 0;
		};
/* End PBXFrameworksBuildPhase section */

/* Begin PBXGroup section */
		05F32FFA8D1A4E68B1045068 /* CMake Rules */ = {
			isa = PBXGroup;
			children = (
			);
			name = "CMake Rules";
			sourceTree = "<group>";
		};
		7A33F8254046474DABF173ED /* Source Files */ = {
			isa = PBXGroup;
			children = (
				B54F2F17AC99458AA3E563A1 /* /Users/annamaria/lavoro/X17/NeutronSource_22/NeutronSource.cc */,
				6F8908DC389F43B5A2C79E06 /* /Users/annamaria/lavoro/X17/NeutronSource_22/src/ActionInitialization.cc */,
				54CB5C4FCE5A4BAD9302021E /* /Users/annamaria/lavoro/X17/NeutronSource_22/src/DetectorConstruction.cc */,
				5809A3964195422EB384936A /* /Users/annamaria/lavoro/X17/NeutronSource_22/src/DetectorMessenger.cc */,
				CAA9998A7A014F528A9227DB /* /Users/annamaria/lavoro/X17/NeutronSource_22/src/ElectromagneticPhysics.cc */,
				D09889D924944A37B2018322 /* /Users/annamaria/lavoro/X17/NeutronSource_22/src/EventAction.cc */,
				42F2B7F27C364FB581CA7D59 /* /Users/annamaria/lavoro/X17/NeutronSource_22/src/FileReader.cc */,
				2A95657A6029455CAF33BA06 /* /Users/annamaria/lavoro/X17/NeutronSource_22/src/GammaNuclearPhysics.cc */,
				AF3545720ABA4B2490EB5BF9 /* /Users/annamaria/lavoro/X17/NeutronSource_22/src/GammaNuclearPhysicsLEND.cc */,
				EE61FF270F804D79955759AB /* /Users/annamaria/lavoro/X17/NeutronSource_22/src/HadronElasticPhysicsHP.cc */,
				C1DE9AD67E74414B94ABDF9A /* /Users/annamaria/lavoro/X17/NeutronSource_22/src/HistoManager.cc */,
				5BD76B284EA647A4A437655D /* /Users/annamaria/lavoro/X17/NeutronSource_22/src/PhysicsList.cc */,
				78DDE00452E944E48A9401F9 /* /Users/annamaria/lavoro/X17/NeutronSource_22/src/PrimaryGeneratorAction.cc */,
				EC1AF282FD004707AB4BF48B /* /Users/annamaria/lavoro/X17/NeutronSource_22/src/RadioactiveDecayPhysics.cc */,
				33BD005790554ADF9C349256 /* /Users/annamaria/lavoro/X17/NeutronSource_22/src/Run.cc */,
				0BE005667234425B982AC87C /* /Users/annamaria/lavoro/X17/NeutronSource_22/src/RunAction.cc */,
				037DF4A509CA4713A0CDC4D3 /* /Users/annamaria/lavoro/X17/NeutronSource_22/src/SteppingAction.cc */,
				40A1585F2251433CA145C92D /* /Users/annamaria/lavoro/X17/NeutronSource_22/src/TrackingAction.cc */,
			);
			name = "Source Files";
			sourceTree = "<group>";
		};
		87C8A674B980489FBDDC1847 /* Frameworks */ = {
			isa = PBXGroup;
			children = (
			);
			name = Frameworks;
			sourceTree = "<group>";
		};
		88B3E9EADBC9468CB2E0C1B2 = {
			isa = PBXGroup;
			children = (
				B83B794A9109454DB3FA20A4 /* NeutronSource */,
				A2C1F557349D4202AFB84D3D /* ALL_BUILD */,
				DA6CE09378824366BD122313 /* Products */,
				87C8A674B980489FBDDC1847 /* Frameworks */,
			);
			sourceTree = "<group>";
		};
		A2C1F557349D4202AFB84D3D /* ALL_BUILD */ = {
			isa = PBXGroup;
			children = (
				05F32FFA8D1A4E68B1045068 /* CMake Rules */,
				509556130E5C47029E8B3EB5 /* /Users/annamaria/lavoro/X17/NeutronSource_22/CMakeLists.txt */,
			);
			name = ALL_BUILD;
			sourceTree = "<group>";
		};
		B3FB16DB14D4455686B91CD6 /* Header Files */ = {
			isa = PBXGroup;
			children = (
				061A0EDECB604505ADCE7269 /* /Users/annamaria/lavoro/X17/NeutronSource_22/include/ActionInitialization.hh */,
				8F2F31366F8B4AB58E8B991B /* /Users/annamaria/lavoro/X17/NeutronSource_22/include/DetectorConstruction.hh */,
				D690A253231946029ACB83C3 /* /Users/annamaria/lavoro/X17/NeutronSource_22/include/DetectorMessenger.hh */,
				EAB3D113CA5B497B877A8352 /* /Users/annamaria/lavoro/X17/NeutronSource_22/include/ElectromagneticPhysics.hh */,
				3DEE5C93F4E746ADB1A48FF2 /* /Users/annamaria/lavoro/X17/NeutronSource_22/include/EventAction.hh */,
				A5135ED72B6C47BAA5425DA6 /* /Users/annamaria/lavoro/X17/NeutronSource_22/include/FileReader.hh */,
				3394242C08F9474A841D7DE5 /* /Users/annamaria/lavoro/X17/NeutronSource_22/include/GammaNuclearPhysics.hh */,
				1D982C009D284082AC5C9EA1 /* /Users/annamaria/lavoro/X17/NeutronSource_22/include/GammaNuclearPhysicsLEND.hh */,
				79739373911C470C8910FE74 /* /Users/annamaria/lavoro/X17/NeutronSource_22/include/HadronElasticPhysicsHP.hh */,
				355E961A336E4650A4E174D9 /* /Users/annamaria/lavoro/X17/NeutronSource_22/include/HistoManager.hh */,
				D175375D4E8849B78AAD8B29 /* /Users/annamaria/lavoro/X17/NeutronSource_22/include/PhysicsList.hh */,
				CFA131C89515495FA25C10AB /* /Users/annamaria/lavoro/X17/NeutronSource_22/include/PrimaryGeneratorAction.hh */,
				633B0B184B3F4ED1A6313378 /* /Users/annamaria/lavoro/X17/NeutronSource_22/include/RadioactiveDecayPhysics.hh */,
				AD2ED0DA08FE499CADD744C8 /* /Users/annamaria/lavoro/X17/NeutronSource_22/include/Run.hh */,
				5BAC352FA2ED409ABA8A1FB1 /* /Users/annamaria/lavoro/X17/NeutronSource_22/include/RunAction.hh */,
				477C13B7EB0547A080C6DBB9 /* /Users/annamaria/lavoro/X17/NeutronSource_22/include/SteppingAction.hh */,
				1279F9B096954600AE251088 /* /Users/annamaria/lavoro/X17/NeutronSource_22/include/TrackingAction.hh */,
			);
			name = "Header Files";
			sourceTree = "<group>";
		};
		B83B794A9109454DB3FA20A4 /* NeutronSource */ = {
			isa = PBXGroup;
			children = (
				7A33F8254046474DABF173ED /* Source Files */,
				B3FB16DB14D4455686B91CD6 /* Header Files */,
				5A6E84D25825479B998F32F5 /* /Users/annamaria/lavoro/X17/NeutronSource_22/CMakeLists.txt */,
			);
			name = NeutronSource;
			sourceTree = "<group>";
		};
		DA6CE09378824366BD122313 /* Products */ = {
			isa = PBXGroup;
			children = (
				49512B6A2377465CAAD9CB9B /* NeutronSource */,
			);
			name = Products;
			sourceTree = "<group>";
		};
/* End PBXGroup section */

/* Begin PBXNativeTarget section */
		B8506EE53FB94BF9843263A5 /* NeutronSource */ = {
			isa = PBXNativeTarget;
			buildConfigurationList = DDF52AB099C7442B89D0ED2B /* Build configuration list for PBXNativeTarget "NeutronSource" */;
			buildPhases = (
				839A89D5BF8F497C8E134C3C /* Sources */,
				BD8AD60BFC6E4A38B90FFF11 /* Frameworks */,
			);
			buildRules = (
			);
			dependencies = (
				CBDC665C2AB94F118D3ECFFF /* PBXTargetDependency */,
			);
			name = NeutronSource;
			productName = NeutronSource;
			productReference = 49512B6A2377465CAAD9CB9B /* NeutronSource */;
			productType = "com.apple.product-type.tool";
		};
/* End PBXNativeTarget section */

/* Begin PBXProject section */
		DC2EA87036B040DB9E0A2BCF /* Project object */ = {
			isa = PBXProject;
			attributes = {
				BuildIndependentTargetsInParallel = YES;
				LastUpgradeCheck = 1320;
			};
			buildConfigurationList = 9FAAE70D756740229AC600B6 /* Build configuration list for PBXProject "NeutronSource_22" */;
			buildSettings = {
			};
			buildStyles = (
				D3DE7B98827F47B0B6BBD25F /* Debug */,
				116B6FC3E24A403C8BBB00D8 /* Release */,
				42E4635EDBBD4FF1AEDAD2FF /* MinSizeRel */,
				B802D252CC5649B6BE60A1C2 /* RelWithDebInfo */,
			);
			compatibilityVersion = "Xcode 3.2";
			hasScannedForEncodings = 0;
			mainGroup = 88B3E9EADBC9468CB2E0C1B2;
			projectDirPath = .;
			projectRoot = "";
			targets = (
				B4A0EDA813FB48CA814421B8 /* ALL_BUILD */,
				B8506EE53FB94BF9843263A5 /* NeutronSource */,
				DE51AB36782E492CBB801D42 /* ZERO_CHECK */,
				E0752B897E174792B0978A2B /* install */,
			);
		};
/* End PBXProject section */

/* Begin PBXShellScriptBuildPhase section */
		3C0110FC8322DE7E50886E21 = {
			isa = PBXShellScriptBuildPhase;
			buildActionMask = 2147483647;
			files = (
			);
			inputPaths = (
			);
			outputPaths = (
			);
			runOnlyForDeploymentPostprocessing = 0;
			shellPath = /bin/sh;
			shellScript = "# shell script goes here
exit 0";
			showEnvVarsInLog = 0;
		};
		87AF4882E018677E2624B544 = {
			isa = PBXShellScriptBuildPhase;
			buildActionMask = 2147483647;
			files = (
			);
			inputPaths = (
			);
			outputPaths = (
			);
			runOnlyForDeploymentPostprocessing = 0;
			shellPath = /bin/sh;
			shellScript = "# shell script goes here
exit 0";
			showEnvVarsInLog = 0;
		};
		901DF9677A9D80235EEE6D78 /* Generate CMakeFiles/ZERO_CHECK */ = {
			isa = PBXShellScriptBuildPhase;
			alwaysOutOfDate = 1;
			buildActionMask = 2147483647;
			files = (
			);
			inputPaths = (
			);
			name = "Generate CMakeFiles/ZERO_CHECK";
			outputPaths = (
/Users/annamaria/lavoro/X17/NeutronSource_22/CMakeFiles/ZERO_CHECK			);
			runOnlyForDeploymentPostprocessing = 0;
			shellPath = /bin/sh;
			shellScript = "set -e
if test \"$CONFIGURATION\" = \"Debug\"; then :
  cd /Users/annamaria/lavoro/X17/NeutronSource_22
  make -f /Users/annamaria/lavoro/X17/NeutronSource_22/CMakeScripts/ReRunCMake.make
fi
if test \"$CONFIGURATION\" = \"Release\"; then :
  cd /Users/annamaria/lavoro/X17/NeutronSource_22
  make -f /Users/annamaria/lavoro/X17/NeutronSource_22/CMakeScripts/ReRunCMake.make
fi
if test \"$CONFIGURATION\" = \"MinSizeRel\"; then :
  cd /Users/annamaria/lavoro/X17/NeutronSource_22
  make -f /Users/annamaria/lavoro/X17/NeutronSource_22/CMakeScripts/ReRunCMake.make
fi
if test \"$CONFIGURATION\" = \"RelWithDebInfo\"; then :
  cd /Users/annamaria/lavoro/X17/NeutronSource_22
  make -f /Users/annamaria/lavoro/X17/NeutronSource_22/CMakeScripts/ReRunCMake.make
fi
";
			showEnvVarsInLog = 0;
		};
		93426DA6A4AC2C2AC9CE883C /* CMake PostBuild Rules */ = {
			isa = PBXShellScriptBuildPhase;
			alwaysOutOfDate = 1;
			buildActionMask = 2147483647;
			files = (
			);
			name = "CMake PostBuild Rules";
			outputPaths = (
			);
			runOnlyForDeploymentPostprocessing = 0;
			shellPath = /bin/sh;
			shellScript = "set -e
if test \"$CONFIGURATION\" = \"Debug\"; then :
  cd /Users/annamaria/lavoro/X17/NeutronSource_22
  /Applications/CMake.app/Contents/bin/cmake -DBUILD_TYPE=$CONFIGURATION$EFFECTIVE_PLATFORM_NAME -P cmake_install.cmake
fi
if test \"$CONFIGURATION\" = \"Release\"; then :
  cd /Users/annamaria/lavoro/X17/NeutronSource_22
  /Applications/CMake.app/Contents/bin/cmake -DBUILD_TYPE=$CONFIGURATION$EFFECTIVE_PLATFORM_NAME -P cmake_install.cmake
fi
if test \"$CONFIGURATION\" = \"MinSizeRel\"; then :
  cd /Users/annamaria/lavoro/X17/NeutronSource_22
  /Applications/CMake.app/Contents/bin/cmake -DBUILD_TYPE=$CONFIGURATION$EFFECTIVE_PLATFORM_NAME -P cmake_install.cmake
fi
if test \"$CONFIGURATION\" = \"RelWithDebInfo\"; then :
  cd /Users/annamaria/lavoro/X17/NeutronSource_22
  /Applications/CMake.app/Contents/bin/cmake -DBUILD_TYPE=$CONFIGURATION$EFFECTIVE_PLATFORM_NAME -P cmake_install.cmake
fi
";
			showEnvVarsInLog = 0;
		};
		9B50530E35CC49C82C2FACCF = {
			isa = PBXShellScriptBuildPhase;
			buildActionMask = 2147483647;
			files = (
			);
			inputPaths = (
			);
			outputPaths = (
			);
			runOnlyForDeploymentPostprocessing = 0;
			shellPath = /bin/sh;
			shellScript = "# shell script goes here
exit 0";
			showEnvVarsInLog = 0;
		};
		B6C90EB6BBB3F4B13A70DD21 /* Generate CMakeFiles/ALL_BUILD */ = {
			isa = PBXShellScriptBuildPhase;
			alwaysOutOfDate = 1;
			buildActionMask = 2147483647;
			files = (
			);
			inputPaths = (
			);
			name = "Generate CMakeFiles/ALL_BUILD";
			outputPaths = (
/Users/annamaria/lavoro/X17/NeutronSource_22/CMakeFiles/ALL_BUILD			);
			runOnlyForDeploymentPostprocessing = 0;
			shellPath = /bin/sh;
			shellScript = "set -e
if test \"$CONFIGURATION\" = \"Debug\"; then :
  cd /Users/annamaria/lavoro/X17/NeutronSource_22
  echo Build\\ all\\ projects
fi
if test \"$CONFIGURATION\" = \"Release\"; then :
  cd /Users/annamaria/lavoro/X17/NeutronSource_22
  echo Build\\ all\\ projects
fi
if test \"$CONFIGURATION\" = \"MinSizeRel\"; then :
  cd /Users/annamaria/lavoro/X17/NeutronSource_22
  echo Build\\ all\\ projects
fi
if test \"$CONFIGURATION\" = \"RelWithDebInfo\"; then :
  cd /Users/annamaria/lavoro/X17/NeutronSource_22
  echo Build\\ all\\ projects
fi
";
			showEnvVarsInLog = 0;
		};
/* End PBXShellScriptBuildPhase section */

/* Begin PBXSourcesBuildPhase section */
		839A89D5BF8F497C8E134C3C /* Sources */ = {
			isa = PBXSourcesBuildPhase;
			buildActionMask = 2147483647;
			files = (
				00CB51AACEDE43D2BAB7286C /* /Users/annamaria/lavoro/X17/NeutronSource_22/NeutronSource.cc */,
				7EF7944D4D454AC68C11584B /* /Users/annamaria/lavoro/X17/NeutronSource_22/src/ActionInitialization.cc */,
				284CABEF40D447CEBB78143E /* /Users/annamaria/lavoro/X17/NeutronSource_22/src/DetectorConstruction.cc */,
				59169DB5D25C40908E8B9C77 /* /Users/annamaria/lavoro/X17/NeutronSource_22/src/DetectorMessenger.cc */,
				895FE5D058BD487785583947 /* /Users/annamaria/lavoro/X17/NeutronSource_22/src/ElectromagneticPhysics.cc */,
				841B5567FC3E4BFBBDDB69C8 /* /Users/annamaria/lavoro/X17/NeutronSource_22/src/EventAction.cc */,
				9B7936653AF447498E882811 /* /Users/annamaria/lavoro/X17/NeutronSource_22/src/FileReader.cc */,
				5CEA163C531D4260B420F3F6 /* /Users/annamaria/lavoro/X17/NeutronSource_22/src/GammaNuclearPhysics.cc */,
				AC1869E6FCCC47B68D14A874 /* /Users/annamaria/lavoro/X17/NeutronSource_22/src/GammaNuclearPhysicsLEND.cc */,
				9D7C7759C44C488F8F9FBA66 /* /Users/annamaria/lavoro/X17/NeutronSource_22/src/HadronElasticPhysicsHP.cc */,
				C04F4AB267FA4BBF9476779F /* /Users/annamaria/lavoro/X17/NeutronSource_22/src/HistoManager.cc */,
				754F761A28CB4682958729A6 /* /Users/annamaria/lavoro/X17/NeutronSource_22/src/PhysicsList.cc */,
				271BEDA855964790AF43C758 /* /Users/annamaria/lavoro/X17/NeutronSource_22/src/PrimaryGeneratorAction.cc */,
				1671B7982A6D4484BB383ABA /* /Users/annamaria/lavoro/X17/NeutronSource_22/src/RadioactiveDecayPhysics.cc */,
				09907C296A264D99AFFD24E5 /* /Users/annamaria/lavoro/X17/NeutronSource_22/src/Run.cc */,
				D02CF85C093A4622A1EB03A4 /* /Users/annamaria/lavoro/X17/NeutronSource_22/src/RunAction.cc */,
				2AA6CC6CCB4C47D18AE47DBE /* /Users/annamaria/lavoro/X17/NeutronSource_22/src/SteppingAction.cc */,
				5CC82DF3C9544C11BE38E1F1 /* /Users/annamaria/lavoro/X17/NeutronSource_22/src/TrackingAction.cc */,
			);
			runOnlyForDeploymentPostprocessing = 0;
		};
/* End PBXSourcesBuildPhase section */

/* Begin PBXTargetDependency section */
		24282BBFAF29489485690592 /* PBXTargetDependency */ = {
			isa = PBXTargetDependency;
			target = B8506EE53FB94BF9843263A5 /* NeutronSource */;
			targetProxy = A582AC5FC221433CB0E66103 /* PBXContainerItemProxy */;
		};
		5803E7A144B94C9BB7346586 /* PBXTargetDependency */ = {
			isa = PBXTargetDependency;
			target = B4A0EDA813FB48CA814421B8 /* ALL_BUILD */;
			targetProxy = DEDE16748C164364AE3CAAF4 /* PBXContainerItemProxy */;
		};
		947051549A97450D87516D57 /* PBXTargetDependency */ = {
			isa = PBXTargetDependency;
			target = DE51AB36782E492CBB801D42 /* ZERO_CHECK */;
			targetProxy = 24BE615055764D7A94C62A1E /* PBXContainerItemProxy */;
		};
		CBDC665C2AB94F118D3ECFFF /* PBXTargetDependency */ = {
			isa = PBXTargetDependency;
			target = DE51AB36782E492CBB801D42 /* ZERO_CHECK */;
			targetProxy = 5257591984F64B44B3AE0ACB /* PBXContainerItemProxy */;
		};
/* End PBXTargetDependency section */

/* Begin XCBuildConfiguration section */
		0DA9120B41FC427282EE3DEE /* RelWithDebInfo */ = {
			isa = XCBuildConfiguration;
			buildSettings = {
				COMBINE_HIDPI_IMAGES = YES;
				EXECUTABLE_PREFIX = "";
				EXECUTABLE_SUFFIX = "";
				FRAMEWORK_SEARCH_PATHS = (/Applications/Xcode.app/Contents/Developer/Platforms/MacOSX.platform/Developer/SDKs/MacOSX12.1.sdk/System/Library/Frameworks,"$(inherited)");
				GCC_GENERATE_DEBUGGING_SYMBOLS = YES;
				GCC_INLINES_ARE_PRIVATE_EXTERN = NO;
				GCC_OPTIMIZATION_LEVEL = 2;
				GCC_PREPROCESSOR_DEFINITIONS = ("'CMAKE_INTDIR=\"$(CONFIGURATION)$(EFFECTIVE_PLATFORM_NAME)\"'",G4UI_USE_TCSH,G4UI_USE_QT,G4VIS_USE_OPENGLQT,G4VIS_USE_OPENGLX,G4VIS_USE_OPENGL,G4LIB_BUILD_DLL,QT_GUI_LIB,QT_CORE_LIB,QT_NO_DEBUG,QT_OPENGL_LIB,QT_WIDGETS_LIB,QT_PRINTSUPPORT_LIB,"$(inherited)");
				GCC_SYMBOLS_PRIVATE_EXTERN = NO;
				HEADER_SEARCH_PATHS = (/Users/annamaria/lavoro/X17/NeutronSource_22/include,"$(inherited)");
				INSTALL_PATH = "";
				LD_RUNPATH_SEARCH_PATHS = ("/Applications/geant4-v11.0.0-install/lib /Users/annamaria/anaconda3/lib","$(inherited)");
				OTHER_CPLUSPLUSFLAGS = "-W -Wall -pedantic -Wno-non-virtual-dtor -Wno-long-long -Wwrite-strings -Wpointer-arith -Woverloaded-virtual -Wno-variadic-macros -Wshadow -pipe -Qunused-arguments -DGL_SILENCE_DEPRECATION -pthread -ftls-model=initial-exec -std=c++17                -DNDEBUG -fPIC '-std=gnu++17' ";
				OTHER_LDFLAGS = (" -Wl,-search_paths_first -Wl,-headerpad_max_install_names","/Applications/geant4-v11.0.0-install/lib/libG4Tree.dylib","/Applications/geant4-v11.0.0-install/lib/libG4FR.dylib","/Applications/geant4-v11.0.0-install/lib/libG4GMocren.dylib","/Applications/geant4-v11.0.0-install/lib/libG4visHepRep.dylib","/Applications/geant4-v11.0.0-install/lib/libG4RayTracer.dylib","/Applications/geant4-v11.0.0-install/lib/libG4VRML.dylib","/Applications/geant4-v11.0.0-install/lib/libG4OpenGL.dylib","/Applications/geant4-v11.0.0-install/lib/libG4gl2ps.dylib","/Applications/geant4-v11.0.0-install/lib/libG4vis_management.dylib","/Applications/geant4-v11.0.0-install/lib/libG4modeling.dylib","/Applications/geant4-v11.0.0-install/lib/libG4interfaces.dylib","/Applications/geant4-v11.0.0-install/lib/libG4persistency.dylib","/Applications/geant4-v11.0.0-install/lib/libG4error_propagation.dylib","/Applications/geant4-v11.0.0-install/lib/libG4readout.dylib","/Applications/geant4-v11.0.0-install/lib/libG4physicslists.dylib","/Applications/geant4-v11.0.0-install/lib/libG4tasking.dylib","/Applications/geant4-v11.0.0-install/lib/libG4parmodels.dylib","-framework OpenGL",/Users/annamaria/anaconda3/lib/libQt5OpenGL.5.9.7.dylib,/Users/annamaria/anaconda3/lib/libQt5PrintSupport.5.9.7.dylib,/Users/annamaria/anaconda3/lib/libQt5Widgets.5.9.7.dylib,/Users/annamaria/anaconda3/lib/libQt5Gui.5.9.7.dylib,/Users/annamaria/anaconda3/lib/libQt5Core.5.9.7.dylib,/opt/X11/lib/libXmu.dylib,/opt/local/lib/libXext.dylib,/opt/X11/lib/libXt.dylib,/opt/X11/lib/libICE.dylib,/opt/X11/lib/libSM.dylib,/opt/local/lib/libX11.dylib,/opt/X11/lib/libGL.dylib,"/Applications/geant4-v11.0.0-install/lib/libG4run.dylib","/Applications/geant4-v11.0.0-install/lib/libG4event.dylib","/Applications/geant4-v11.0.0-install/lib/libG4tracking.dylib","/Applications/geant4-v11.0.0-install/lib/libG4processes.dylib","/Applications/geant4-v11.0.0-install/lib/libG4analysis.dylib","/Applications/geant4-v11.0.0-install/lib/libG4tools.dylib",/Applications/Xcode.app/Contents/Developer/Platforms/MacOSX.platform/Developer/SDKs/MacOSX12.1.sdk/usr/lib/libexpat.tbd,"/Applications/geant4-v11.0.0-install/lib/libG4digits_hits.dylib","/Applications/geant4-v11.0.0-install/lib/libG4track.dylib","/Applications/geant4-v11.0.0-install/lib/libG4particles.dylib","/Applications/geant4-v11.0.0-install/lib/libG4geometry.dylib","/Applications/geant4-v11.0.0-install/lib/libG4materials.dylib","/Applications/geant4-v11.0.0-install/lib/libG4zlib.dylib","/Applications/geant4-v11.0.0-install/lib/libG4graphics_reps.dylib","/Applications/geant4-v11.0.0-install/lib/libG4intercoms.dylib","/Applications/geant4-v11.0.0-install/lib/libG4global.dylib","/Applications/geant4-v11.0.0-install/lib/libG4clhep.dylib","/Applications/geant4-v11.0.0-install/lib/libG4ptl.0.0.2.dylib","$(inherited)");
				OTHER_REZFLAGS = "";
				PRODUCT_NAME = NeutronSource;
				SECTORDER_FLAGS = "";
				SYMROOT = /Users/annamaria/lavoro/X17/NeutronSource_22;
				SYSTEM_HEADER_SEARCH_PATHS = ("/Applications/geant4-v11.0.0-install/include/Geant4",/Users/annamaria/anaconda3/include/qt,/Users/annamaria/anaconda3/include/qt/QtGui,/Applications/Xcode.app/Contents/Developer/Platforms/MacOSX.platform/Developer/SDKs/MacOSX12.1.sdk/System/Library/Frameworks/OpenGL.framework/Headers,/Users/annamaria/anaconda3/include/qt/QtCore,"/Users/annamaria/anaconda3/./mkspecs/macx-clang",/Users/annamaria/anaconda3/include/qt/QtOpenGL,/Users/annamaria/anaconda3/include/qt/QtWidgets,/Users/annamaria/anaconda3/include/qt/QtPrintSupport,/opt/X11/include,/opt/local/include,"$(inherited)");
				USE_HEADERMAP = NO;
				WARNING_CFLAGS = ("$(inherited)");
			};
			name = RelWithDebInfo;
		};
		105F8F72A50F404F93C49BBD /* RelWithDebInfo */ = {
			isa = XCBuildConfiguration;
			buildSettings = {
				COMBINE_HIDPI_IMAGES = YES;
				GCC_GENERATE_DEBUGGING_SYMBOLS = YES;
				GCC_INLINES_ARE_PRIVATE_EXTERN = NO;
				GCC_OPTIMIZATION_LEVEL = 0;
				GCC_PREPROCESSOR_DEFINITIONS = ("'CMAKE_INTDIR=\"$(CONFIGURATION)$(EFFECTIVE_PLATFORM_NAME)\"'","$(inherited)");
				GCC_SYMBOLS_PRIVATE_EXTERN = NO;
				INSTALL_PATH = "";
				OTHER_LDFLAGS = ("","$(inherited)");
				OTHER_REZFLAGS = "";
				PRODUCT_NAME = ZERO_CHECK;
				SECTORDER_FLAGS = "";
				SYMROOT = /Users/annamaria/lavoro/X17/NeutronSource_22;
				USE_HEADERMAP = NO;
				WARNING_CFLAGS = ("$(inherited)");
			};
			name = RelWithDebInfo;
		};
		1154996A91FF4B38B77352E3 /* MinSizeRel */ = {
			isa = XCBuildConfiguration;
			buildSettings = {
				ARCHS = "$(NATIVE_ARCH_ACTUAL)";
				ONLY_ACTIVE_ARCH = YES;
				SDKROOT = /Applications/Xcode.app/Contents/Developer/Platforms/MacOSX.platform/Developer/SDKs/MacOSX12.1.sdk;
				SYMROOT = /Users/annamaria/lavoro/X17/NeutronSource_22/build;
			};
			name = MinSizeRel;
		};
		197073AD690342EEBE7FE630 /* RelWithDebInfo */ = {
			isa = XCBuildConfiguration;
			buildSettings = {
				COMBINE_HIDPI_IMAGES = YES;
				GCC_GENERATE_DEBUGGING_SYMBOLS = YES;
				GCC_INLINES_ARE_PRIVATE_EXTERN = NO;
				GCC_OPTIMIZATION_LEVEL = 0;
				GCC_PREPROCESSOR_DEFINITIONS = ("'CMAKE_INTDIR=\"$(CONFIGURATION)$(EFFECTIVE_PLATFORM_NAME)\"'","$(inherited)");
				GCC_SYMBOLS_PRIVATE_EXTERN = NO;
				INSTALL_PATH = "";
				OTHER_LDFLAGS = ("","$(inherited)");
				OTHER_REZFLAGS = "";
				PRODUCT_NAME = install;
				SECTORDER_FLAGS = "";
				SYMROOT = /Users/annamaria/lavoro/X17/NeutronSource_22;
				USE_HEADERMAP = NO;
				WARNING_CFLAGS = ("$(inherited)");
			};
			name = RelWithDebInfo;
		};
		289088BB7828421CA74C9268 /* MinSizeRel */ = {
			isa = XCBuildConfiguration;
			buildSettings = {
				COMBINE_HIDPI_IMAGES = YES;
				GCC_GENERATE_DEBUGGING_SYMBOLS = YES;
				GCC_INLINES_ARE_PRIVATE_EXTERN = NO;
				GCC_OPTIMIZATION_LEVEL = 0;
				GCC_PREPROCESSOR_DEFINITIONS = ("'CMAKE_INTDIR=\"$(CONFIGURATION)$(EFFECTIVE_PLATFORM_NAME)\"'","$(inherited)");
				GCC_SYMBOLS_PRIVATE_EXTERN = NO;
				INSTALL_PATH = "";
				OTHER_LDFLAGS = ("","$(inherited)");
				OTHER_REZFLAGS = "";
				PRODUCT_NAME = install;
				SECTORDER_FLAGS = "";
				SYMROOT = /Users/annamaria/lavoro/X17/NeutronSource_22;
				USE_HEADERMAP = NO;
				WARNING_CFLAGS = ("$(inherited)");
			};
			name = MinSizeRel;
		};
		306F703BCD4740479994CE83 /* MinSizeRel */ = {
			isa = XCBuildConfiguration;
			buildSettings = {
				COMBINE_HIDPI_IMAGES = YES;
				EXECUTABLE_PREFIX = "";
				EXECUTABLE_SUFFIX = "";
				FRAMEWORK_SEARCH_PATHS = (/Applications/Xcode.app/Contents/Developer/Platforms/MacOSX.platform/Developer/SDKs/MacOSX12.1.sdk/System/Library/Frameworks,"$(inherited)");
				GCC_GENERATE_DEBUGGING_SYMBOLS = NO;
				GCC_INLINES_ARE_PRIVATE_EXTERN = NO;
				GCC_OPTIMIZATION_LEVEL = s;
				GCC_PREPROCESSOR_DEFINITIONS = ("'CMAKE_INTDIR=\"$(CONFIGURATION)$(EFFECTIVE_PLATFORM_NAME)\"'",G4UI_USE_TCSH,G4UI_USE_QT,G4VIS_USE_OPENGLQT,G4VIS_USE_OPENGLX,G4VIS_USE_OPENGL,G4LIB_BUILD_DLL,QT_GUI_LIB,QT_CORE_LIB,QT_NO_DEBUG,QT_OPENGL_LIB,QT_WIDGETS_LIB,QT_PRINTSUPPORT_LIB,"$(inherited)");
				GCC_SYMBOLS_PRIVATE_EXTERN = NO;
				HEADER_SEARCH_PATHS = (/Users/annamaria/lavoro/X17/NeutronSource_22/include,"$(inherited)");
				INSTALL_PATH = "";
				LD_RUNPATH_SEARCH_PATHS = ("/Applications/geant4-v11.0.0-install/lib /Users/annamaria/anaconda3/lib","$(inherited)");
				OTHER_CPLUSPLUSFLAGS = "-W -Wall -pedantic -Wno-non-virtual-dtor -Wno-long-long -Wwrite-strings -Wpointer-arith -Woverloaded-virtual -Wno-variadic-macros -Wshadow -pipe -Qunused-arguments -DGL_SILENCE_DEPRECATION -pthread -ftls-model=initial-exec -std=c++17      -DNDEBUG     -DNDEBUG -fPIC '-std=gnu++17' ";
				OTHER_LDFLAGS = (" -Wl,-search_paths_first -Wl,-headerpad_max_install_names","/Applications/geant4-v11.0.0-install/lib/libG4Tree.dylib","/Applications/geant4-v11.0.0-install/lib/libG4FR.dylib","/Applications/geant4-v11.0.0-install/lib/libG4GMocren.dylib","/Applications/geant4-v11.0.0-install/lib/libG4visHepRep.dylib","/Applications/geant4-v11.0.0-install/lib/libG4RayTracer.dylib","/Applications/geant4-v11.0.0-install/lib/libG4VRML.dylib","/Applications/geant4-v11.0.0-install/lib/libG4OpenGL.dylib","/Applications/geant4-v11.0.0-install/lib/libG4gl2ps.dylib","/Applications/geant4-v11.0.0-install/lib/libG4vis_management.dylib","/Applications/geant4-v11.0.0-install/lib/libG4modeling.dylib","/Applications/geant4-v11.0.0-install/lib/libG4interfaces.dylib","/Applications/geant4-v11.0.0-install/lib/libG4persistency.dylib","/Applications/geant4-v11.0.0-install/lib/libG4error_propagation.dylib","/Applications/geant4-v11.0.0-install/lib/libG4readout.dylib","/Applications/geant4-v11.0.0-install/lib/libG4physicslists.dylib","/Applications/geant4-v11.0.0-install/lib/libG4tasking.dylib","/Applications/geant4-v11.0.0-install/lib/libG4parmodels.dylib","-framework OpenGL",/Users/annamaria/anaconda3/lib/libQt5OpenGL.5.9.7.dylib,/Users/annamaria/anaconda3/lib/libQt5PrintSupport.5.9.7.dylib,/Users/annamaria/anaconda3/lib/libQt5Widgets.5.9.7.dylib,/Users/annamaria/anaconda3/lib/libQt5Gui.5.9.7.dylib,/Users/annamaria/anaconda3/lib/libQt5Core.5.9.7.dylib,/opt/X11/lib/libXmu.dylib,/opt/local/lib/libXext.dylib,/opt/X11/lib/libXt.dylib,/opt/X11/lib/libICE.dylib,/opt/X11/lib/libSM.dylib,/opt/local/lib/libX11.dylib,/opt/X11/lib/libGL.dylib,"/Applications/geant4-v11.0.0-install/lib/libG4run.dylib","/Applications/geant4-v11.0.0-install/lib/libG4event.dylib","/Applications/geant4-v11.0.0-install/lib/libG4tracking.dylib","/Applications/geant4-v11.0.0-install/lib/libG4processes.dylib","/Applications/geant4-v11.0.0-install/lib/libG4analysis.dylib","/Applications/geant4-v11.0.0-install/lib/libG4tools.dylib",/Applications/Xcode.app/Contents/Developer/Platforms/MacOSX.platform/Developer/SDKs/MacOSX12.1.sdk/usr/lib/libexpat.tbd,"/Applications/geant4-v11.0.0-install/lib/libG4digits_hits.dylib","/Applications/geant4-v11.0.0-install/lib/libG4track.dylib","/Applications/geant4-v11.0.0-install/lib/libG4particles.dylib","/Applications/geant4-v11.0.0-install/lib/libG4geometry.dylib","/Applications/geant4-v11.0.0-install/lib/libG4materials.dylib","/Applications/geant4-v11.0.0-install/lib/libG4zlib.dylib","/Applications/geant4-v11.0.0-install/lib/libG4graphics_reps.dylib","/Applications/geant4-v11.0.0-install/lib/libG4intercoms.dylib","/Applications/geant4-v11.0.0-install/lib/libG4global.dylib","/Applications/geant4-v11.0.0-install/lib/libG4clhep.dylib","/Applications/geant4-v11.0.0-install/lib/libG4ptl.0.0.2.dylib","$(inherited)");
				OTHER_REZFLAGS = "";
				PRODUCT_NAME = NeutronSource;
				SECTORDER_FLAGS = "";
				SYMROOT = /Users/annamaria/lavoro/X17/NeutronSource_22;
				SYSTEM_HEADER_SEARCH_PATHS = ("/Applications/geant4-v11.0.0-install/include/Geant4",/Users/annamaria/anaconda3/include/qt,/Users/annamaria/anaconda3/include/qt/QtGui,/Applications/Xcode.app/Contents/Developer/Platforms/MacOSX.platform/Developer/SDKs/MacOSX12.1.sdk/System/Library/Frameworks/OpenGL.framework/Headers,/Users/annamaria/anaconda3/include/qt/QtCore,"/Users/annamaria/anaconda3/./mkspecs/macx-clang",/Users/annamaria/anaconda3/include/qt/QtOpenGL,/Users/annamaria/anaconda3/include/qt/QtWidgets,/Users/annamaria/anaconda3/include/qt/QtPrintSupport,/opt/X11/include,/opt/local/include,"$(inherited)");
				USE_HEADERMAP = NO;
				WARNING_CFLAGS = ("$(inherited)");
			};
			name = MinSizeRel;
		};
		31F7C5A80AC54CB69F3164B1 /* RelWithDebInfo */ = {
			isa = XCBuildConfiguration;
			buildSettings = {
				COMBINE_HIDPI_IMAGES = YES;
				GCC_GENERATE_DEBUGGING_SYMBOLS = YES;
				GCC_INLINES_ARE_PRIVATE_EXTERN = NO;
				GCC_OPTIMIZATION_LEVEL = 0;
				GCC_PREPROCESSOR_DEFINITIONS = ("'CMAKE_INTDIR=\"$(CONFIGURATION)$(EFFECTIVE_PLATFORM_NAME)\"'","$(inherited)");
				GCC_SYMBOLS_PRIVATE_EXTERN = NO;
				INSTALL_PATH = "";
				OTHER_LDFLAGS = ("","$(inherited)");
				OTHER_REZFLAGS = "";
				PRODUCT_NAME = ALL_BUILD;
				SECTORDER_FLAGS = "";
				SYMROOT = /Users/annamaria/lavoro/X17/NeutronSource_22;
				USE_HEADERMAP = NO;
				WARNING_CFLAGS = ("$(inherited)");
			};
			name = RelWithDebInfo;
		};
		37243DC4D837421B832D50F6 /* Debug */ = {
			isa = XCBuildConfiguration;
			buildSettings = {
				COMBINE_HIDPI_IMAGES = YES;
				GCC_GENERATE_DEBUGGING_SYMBOLS = YES;
				GCC_INLINES_ARE_PRIVATE_EXTERN = NO;
				GCC_OPTIMIZATION_LEVEL = 0;
				GCC_PREPROCESSOR_DEFINITIONS = ("'CMAKE_INTDIR=\"$(CONFIGURATION)$(EFFECTIVE_PLATFORM_NAME)\"'","$(inherited)");
				GCC_SYMBOLS_PRIVATE_EXTERN = NO;
				INSTALL_PATH = "";
				OTHER_LDFLAGS = ("","$(inherited)");
				OTHER_REZFLAGS = "";
				PRODUCT_NAME = install;
				SECTORDER_FLAGS = "";
				SYMROOT = /Users/annamaria/lavoro/X17/NeutronSource_22;
				USE_HEADERMAP = NO;
				WARNING_CFLAGS = ("$(inherited)");
			};
			name = Debug;
		};
		3A9F84B0A2F84205839AEF93 /* MinSizeRel */ = {
			isa = XCBuildConfiguration;
			buildSettings = {
				COMBINE_HIDPI_IMAGES = YES;
				GCC_GENERATE_DEBUGGING_SYMBOLS = YES;
				GCC_INLINES_ARE_PRIVATE_EXTERN = NO;
				GCC_OPTIMIZATION_LEVEL = 0;
				GCC_PREPROCESSOR_DEFINITIONS = ("'CMAKE_INTDIR=\"$(CONFIGURATION)$(EFFECTIVE_PLATFORM_NAME)\"'","$(inherited)");
				GCC_SYMBOLS_PRIVATE_EXTERN = NO;
				INSTALL_PATH = "";
				OTHER_LDFLAGS = ("","$(inherited)");
				OTHER_REZFLAGS = "";
				PRODUCT_NAME = ALL_BUILD;
				SECTORDER_FLAGS = "";
				SYMROOT = /Users/annamaria/lavoro/X17/NeutronSource_22;
				USE_HEADERMAP = NO;
				WARNING_CFLAGS = ("$(inherited)");
			};
			name = MinSizeRel;
		};
		48ED79CE2B73431EAFF977D8 /* Debug */ = {
			isa = XCBuildConfiguration;
			buildSettings = {
				COMBINE_HIDPI_IMAGES = YES;
				GCC_GENERATE_DEBUGGING_SYMBOLS = YES;
				GCC_INLINES_ARE_PRIVATE_EXTERN = NO;
				GCC_OPTIMIZATION_LEVEL = 0;
				GCC_PREPROCESSOR_DEFINITIONS = ("'CMAKE_INTDIR=\"$(CONFIGURATION)$(EFFECTIVE_PLATFORM_NAME)\"'","$(inherited)");
				GCC_SYMBOLS_PRIVATE_EXTERN = NO;
				INSTALL_PATH = "";
				OTHER_LDFLAGS = ("","$(inherited)");
				OTHER_REZFLAGS = "";
				PRODUCT_NAME = ALL_BUILD;
				SECTORDER_FLAGS = "";
				SYMROOT = /Users/annamaria/lavoro/X17/NeutronSource_22;
				USE_HEADERMAP = NO;
				WARNING_CFLAGS = ("$(inherited)");
			};
			name = Debug;
		};
		63A9FC98ADF14A3E843614C8 /* Release */ = {
			isa = XCBuildConfiguration;
			buildSettings = {
				COMBINE_HIDPI_IMAGES = YES;
				GCC_GENERATE_DEBUGGING_SYMBOLS = YES;
				GCC_INLINES_ARE_PRIVATE_EXTERN = NO;
				GCC_OPTIMIZATION_LEVEL = 0;
				GCC_PREPROCESSOR_DEFINITIONS = ("'CMAKE_INTDIR=\"$(CONFIGURATION)$(EFFECTIVE_PLATFORM_NAME)\"'","$(inherited)");
				GCC_SYMBOLS_PRIVATE_EXTERN = NO;
				INSTALL_PATH = "";
				OTHER_LDFLAGS = ("","$(inherited)");
				OTHER_REZFLAGS = "";
				PRODUCT_NAME = install;
				SECTORDER_FLAGS = "";
				SYMROOT = /Users/annamaria/lavoro/X17/NeutronSource_22;
				USE_HEADERMAP = NO;
				WARNING_CFLAGS = ("$(inherited)");
			};
			name = Release;
		};
		77C93446E72346DF8CD01183 /* Release */ = {
			isa = XCBuildConfiguration;
			buildSettings = {
				COMBINE_HIDPI_IMAGES = YES;
				EXECUTABLE_PREFIX = "";
				EXECUTABLE_SUFFIX = "";
				FRAMEWORK_SEARCH_PATHS = (/Applications/Xcode.app/Contents/Developer/Platforms/MacOSX.platform/Developer/SDKs/MacOSX12.1.sdk/System/Library/Frameworks,"$(inherited)");
				GCC_GENERATE_DEBUGGING_SYMBOLS = NO;
				GCC_INLINES_ARE_PRIVATE_EXTERN = NO;
				GCC_OPTIMIZATION_LEVEL = 3;
				GCC_PREPROCESSOR_DEFINITIONS = ("'CMAKE_INTDIR=\"$(CONFIGURATION)$(EFFECTIVE_PLATFORM_NAME)\"'",G4UI_USE_TCSH,G4UI_USE_QT,G4VIS_USE_OPENGLQT,G4VIS_USE_OPENGLX,G4VIS_USE_OPENGL,G4LIB_BUILD_DLL,QT_GUI_LIB,QT_CORE_LIB,QT_NO_DEBUG,QT_OPENGL_LIB,QT_WIDGETS_LIB,QT_PRINTSUPPORT_LIB,"$(inherited)");
				GCC_SYMBOLS_PRIVATE_EXTERN = NO;
				HEADER_SEARCH_PATHS = (/Users/annamaria/lavoro/X17/NeutronSource_22/include,"$(inherited)");
				INSTALL_PATH = "";
				LD_RUNPATH_SEARCH_PATHS = ("/Applications/geant4-v11.0.0-install/lib /Users/annamaria/anaconda3/lib","$(inherited)");
				OTHER_CPLUSPLUSFLAGS = "-W -Wall -pedantic -Wno-non-virtual-dtor -Wno-long-long -Wwrite-strings -Wpointer-arith -Woverloaded-virtual -Wno-variadic-macros -Wshadow -pipe -Qunused-arguments -DGL_SILENCE_DEPRECATION -pthread -ftls-model=initial-exec -std=c++17      -DNDEBUG -fno-trapping-math -ftree-vectorize -fno-math-errno     -DNDEBUG -fPIC '-std=gnu++17' ";
				OTHER_LDFLAGS = (" -Wl,-search_paths_first -Wl,-headerpad_max_install_names","/Applications/geant4-v11.0.0-install/lib/libG4Tree.dylib","/Applications/geant4-v11.0.0-install/lib/libG4FR.dylib","/Applications/geant4-v11.0.0-install/lib/libG4GMocren.dylib","/Applications/geant4-v11.0.0-install/lib/libG4visHepRep.dylib","/Applications/geant4-v11.0.0-install/lib/libG4RayTracer.dylib","/Applications/geant4-v11.0.0-install/lib/libG4VRML.dylib","/Applications/geant4-v11.0.0-install/lib/libG4OpenGL.dylib","/Applications/geant4-v11.0.0-install/lib/libG4gl2ps.dylib","/Applications/geant4-v11.0.0-install/lib/libG4vis_management.dylib","/Applications/geant4-v11.0.0-install/lib/libG4modeling.dylib","/Applications/geant4-v11.0.0-install/lib/libG4interfaces.dylib","/Applications/geant4-v11.0.0-install/lib/libG4persistency.dylib","/Applications/geant4-v11.0.0-install/lib/libG4error_propagation.dylib","/Applications/geant4-v11.0.0-install/lib/libG4readout.dylib","/Applications/geant4-v11.0.0-install/lib/libG4physicslists.dylib","/Applications/geant4-v11.0.0-install/lib/libG4tasking.dylib","/Applications/geant4-v11.0.0-install/lib/libG4parmodels.dylib","-framework OpenGL",/Users/annamaria/anaconda3/lib/libQt5OpenGL.5.9.7.dylib,/Users/annamaria/anaconda3/lib/libQt5PrintSupport.5.9.7.dylib,/Users/annamaria/anaconda3/lib/libQt5Widgets.5.9.7.dylib,/Users/annamaria/anaconda3/lib/libQt5Gui.5.9.7.dylib,/Users/annamaria/anaconda3/lib/libQt5Core.5.9.7.dylib,/opt/X11/lib/libXmu.dylib,/opt/local/lib/libXext.dylib,/opt/X11/lib/libXt.dylib,/opt/X11/lib/libICE.dylib,/opt/X11/lib/libSM.dylib,/opt/local/lib/libX11.dylib,/opt/X11/lib/libGL.dylib,"/Applications/geant4-v11.0.0-install/lib/libG4run.dylib","/Applications/geant4-v11.0.0-install/lib/libG4event.dylib","/Applications/geant4-v11.0.0-install/lib/libG4tracking.dylib","/Applications/geant4-v11.0.0-install/lib/libG4processes.dylib","/Applications/geant4-v11.0.0-install/lib/libG4analysis.dylib","/Applications/geant4-v11.0.0-install/lib/libG4tools.dylib",/Applications/Xcode.app/Contents/Developer/Platforms/MacOSX.platform/Developer/SDKs/MacOSX12.1.sdk/usr/lib/libexpat.tbd,"/Applications/geant4-v11.0.0-install/lib/libG4digits_hits.dylib","/Applications/geant4-v11.0.0-install/lib/libG4track.dylib","/Applications/geant4-v11.0.0-install/lib/libG4particles.dylib","/Applications/geant4-v11.0.0-install/lib/libG4geometry.dylib","/Applications/geant4-v11.0.0-install/lib/libG4materials.dylib","/Applications/geant4-v11.0.0-install/lib/libG4zlib.dylib","/Applications/geant4-v11.0.0-install/lib/libG4graphics_reps.dylib","/Applications/geant4-v11.0.0-install/lib/libG4intercoms.dylib","/Applications/geant4-v11.0.0-install/lib/libG4global.dylib","/Applications/geant4-v11.0.0-install/lib/libG4clhep.dylib","/Applications/geant4-v11.0.0-install/lib/libG4ptl.0.0.2.dylib","$(inherited)");
				OTHER_REZFLAGS = "";
				PRODUCT_NAME = NeutronSource;
				SECTORDER_FLAGS = "";
				SYMROOT = /Users/annamaria/lavoro/X17/NeutronSource_22;
				SYSTEM_HEADER_SEARCH_PATHS = ("/Applications/geant4-v11.0.0-install/include/Geant4",/Users/annamaria/anaconda3/include/qt,/Users/annamaria/anaconda3/include/qt/QtGui,/Applications/Xcode.app/Contents/Developer/Platforms/MacOSX.platform/Developer/SDKs/MacOSX12.1.sdk/System/Library/Frameworks/OpenGL.framework/Headers,/Users/annamaria/anaconda3/include/qt/QtCore,"/Users/annamaria/anaconda3/./mkspecs/macx-clang",/Users/annamaria/anaconda3/include/qt/QtOpenGL,/Users/annamaria/anaconda3/include/qt/QtWidgets,/Users/annamaria/anaconda3/include/qt/QtPrintSupport,/opt/X11/include,/opt/local/include,"$(inherited)");
				USE_HEADERMAP = NO;
				WARNING_CFLAGS = ("$(inherited)");
			};
			name = Release;
		};
		8C6943A71DB0431693F78F49 /* Release */ = {
			isa = XCBuildConfiguration;
			buildSettings = {
				ARCHS = "$(NATIVE_ARCH_ACTUAL)";
				ONLY_ACTIVE_ARCH = YES;
				SDKROOT = /Applications/Xcode.app/Contents/Developer/Platforms/MacOSX.platform/Developer/SDKs/MacOSX12.1.sdk;
				SYMROOT = /Users/annamaria/lavoro/X17/NeutronSource_22/build;
			};
			name = Release;
		};
		A634863869B148B4B23C3B5B /* Debug */ = {
			isa = XCBuildConfiguration;
			buildSettings = {
				COMBINE_HIDPI_IMAGES = YES;
				EXECUTABLE_PREFIX = "";
				EXECUTABLE_SUFFIX = "";
				FRAMEWORK_SEARCH_PATHS = (/Applications/Xcode.app/Contents/Developer/Platforms/MacOSX.platform/Developer/SDKs/MacOSX12.1.sdk/System/Library/Frameworks,"$(inherited)");
				GCC_GENERATE_DEBUGGING_SYMBOLS = YES;
				GCC_INLINES_ARE_PRIVATE_EXTERN = NO;
				GCC_OPTIMIZATION_LEVEL = 0;
				GCC_PREPROCESSOR_DEFINITIONS = ("'CMAKE_INTDIR=\"$(CONFIGURATION)$(EFFECTIVE_PLATFORM_NAME)\"'",G4UI_USE_TCSH,G4UI_USE_QT,G4VIS_USE_OPENGLQT,G4VIS_USE_OPENGLX,G4VIS_USE_OPENGL,G4LIB_BUILD_DLL,QT_GUI_LIB,QT_CORE_LIB,QT_OPENGL_LIB,QT_WIDGETS_LIB,QT_PRINTSUPPORT_LIB,"$(inherited)");
				GCC_SYMBOLS_PRIVATE_EXTERN = NO;
				HEADER_SEARCH_PATHS = (/Users/annamaria/lavoro/X17/NeutronSource_22/include,"$(inherited)");
				INSTALL_PATH = "";
				LD_RUNPATH_SEARCH_PATHS = ("/Applications/geant4-v11.0.0-install/lib /Users/annamaria/anaconda3/lib","$(inherited)");
				OTHER_CPLUSPLUSFLAGS = "-W -Wall -pedantic -Wno-non-virtual-dtor -Wno-long-long -Wwrite-strings -Wpointer-arith -Woverloaded-virtual -Wno-variadic-macros -Wshadow -pipe -Qunused-arguments -DGL_SILENCE_DEPRECATION -pthread -ftls-model=initial-exec -std=c++17        -fPIC '-std=gnu++17' ";
				OTHER_LDFLAGS = (" -Wl,-search_paths_first -Wl,-headerpad_max_install_names","/Applications/geant4-v11.0.0-install/lib/libG4Tree.dylib","/Applications/geant4-v11.0.0-install/lib/libG4FR.dylib","/Applications/geant4-v11.0.0-install/lib/libG4GMocren.dylib","/Applications/geant4-v11.0.0-install/lib/libG4visHepRep.dylib","/Applications/geant4-v11.0.0-install/lib/libG4RayTracer.dylib","/Applications/geant4-v11.0.0-install/lib/libG4VRML.dylib","/Applications/geant4-v11.0.0-install/lib/libG4OpenGL.dylib","/Applications/geant4-v11.0.0-install/lib/libG4gl2ps.dylib","/Applications/geant4-v11.0.0-install/lib/libG4vis_management.dylib","/Applications/geant4-v11.0.0-install/lib/libG4modeling.dylib","/Applications/geant4-v11.0.0-install/lib/libG4interfaces.dylib","/Applications/geant4-v11.0.0-install/lib/libG4persistency.dylib","/Applications/geant4-v11.0.0-install/lib/libG4error_propagation.dylib","/Applications/geant4-v11.0.0-install/lib/libG4readout.dylib","/Applications/geant4-v11.0.0-install/lib/libG4physicslists.dylib","/Applications/geant4-v11.0.0-install/lib/libG4tasking.dylib","/Applications/geant4-v11.0.0-install/lib/libG4parmodels.dylib","-framework OpenGL",/Users/annamaria/anaconda3/lib/libQt5OpenGL.5.9.7.dylib,/Users/annamaria/anaconda3/lib/libQt5PrintSupport.5.9.7.dylib,/Users/annamaria/anaconda3/lib/libQt5Widgets.5.9.7.dylib,/Users/annamaria/anaconda3/lib/libQt5Gui.5.9.7.dylib,/Users/annamaria/anaconda3/lib/libQt5Core.5.9.7.dylib,/opt/X11/lib/libXmu.dylib,/opt/local/lib/libXext.dylib,/opt/X11/lib/libXt.dylib,/opt/X11/lib/libICE.dylib,/opt/X11/lib/libSM.dylib,/opt/local/lib/libX11.dylib,/opt/X11/lib/libGL.dylib,"/Applications/geant4-v11.0.0-install/lib/libG4run.dylib","/Applications/geant4-v11.0.0-install/lib/libG4event.dylib","/Applications/geant4-v11.0.0-install/lib/libG4tracking.dylib","/Applications/geant4-v11.0.0-install/lib/libG4processes.dylib","/Applications/geant4-v11.0.0-install/lib/libG4analysis.dylib","/Applications/geant4-v11.0.0-install/lib/libG4tools.dylib",/Applications/Xcode.app/Contents/Developer/Platforms/MacOSX.platform/Developer/SDKs/MacOSX12.1.sdk/usr/lib/libexpat.tbd,"/Applications/geant4-v11.0.0-install/lib/libG4digits_hits.dylib","/Applications/geant4-v11.0.0-install/lib/libG4track.dylib","/Applications/geant4-v11.0.0-install/lib/libG4particles.dylib","/Applications/geant4-v11.0.0-install/lib/libG4geometry.dylib","/Applications/geant4-v11.0.0-install/lib/libG4materials.dylib","/Applications/geant4-v11.0.0-install/lib/libG4zlib.dylib","/Applications/geant4-v11.0.0-install/lib/libG4graphics_reps.dylib","/Applications/geant4-v11.0.0-install/lib/libG4intercoms.dylib","/Applications/geant4-v11.0.0-install/lib/libG4global.dylib","/Applications/geant4-v11.0.0-install/lib/libG4clhep.dylib","/Applications/geant4-v11.0.0-install/lib/libG4ptl.0.0.2.dylib","$(inherited)");
				OTHER_REZFLAGS = "";
				PRODUCT_NAME = NeutronSource;
				SECTORDER_FLAGS = "";
				SYMROOT = /Users/annamaria/lavoro/X17/NeutronSource_22;
				SYSTEM_HEADER_SEARCH_PATHS = ("/Applications/geant4-v11.0.0-install/include/Geant4",/Users/annamaria/anaconda3/include/qt,/Users/annamaria/anaconda3/include/qt/QtGui,/Applications/Xcode.app/Contents/Developer/Platforms/MacOSX.platform/Developer/SDKs/MacOSX12.1.sdk/System/Library/Frameworks/OpenGL.framework/Headers,/Users/annamaria/anaconda3/include/qt/QtCore,"/Users/annamaria/anaconda3/./mkspecs/macx-clang",/Users/annamaria/anaconda3/include/qt/QtOpenGL,/Users/annamaria/anaconda3/include/qt/QtWidgets,/Users/annamaria/anaconda3/include/qt/QtPrintSupport,/opt/X11/include,/opt/local/include,"$(inherited)");
				USE_HEADERMAP = NO;
				WARNING_CFLAGS = ("$(inherited)");
			};
			name = Debug;
		};
		B6D97A2C7EC04BBC82FB8DC3 /* Release */ = {
			isa = XCBuildConfiguration;
			buildSettings = {
				COMBINE_HIDPI_IMAGES = YES;
				GCC_GENERATE_DEBUGGING_SYMBOLS = YES;
				GCC_INLINES_ARE_PRIVATE_EXTERN = NO;
				GCC_OPTIMIZATION_LEVEL = 0;
				GCC_PREPROCESSOR_DEFINITIONS = ("'CMAKE_INTDIR=\"$(CONFIGURATION)$(EFFECTIVE_PLATFORM_NAME)\"'","$(inherited)");
				GCC_SYMBOLS_PRIVATE_EXTERN = NO;
				INSTALL_PATH = "";
				OTHER_LDFLAGS = ("","$(inherited)");
				OTHER_REZFLAGS = "";
				PRODUCT_NAME = ALL_BUILD;
				SECTORDER_FLAGS = "";
				SYMROOT = /Users/annamaria/lavoro/X17/NeutronSource_22;
				USE_HEADERMAP = NO;
				WARNING_CFLAGS = ("$(inherited)");
			};
			name = Release;
		};
		CD5C2E105FD1468AB970833D /* Release */ = {
			isa = XCBuildConfiguration;
			buildSettings = {
				COMBINE_HIDPI_IMAGES = YES;
				GCC_GENERATE_DEBUGGING_SYMBOLS = YES;
				GCC_INLINES_ARE_PRIVATE_EXTERN = NO;
				GCC_OPTIMIZATION_LEVEL = 0;
				GCC_PREPROCESSOR_DEFINITIONS = ("'CMAKE_INTDIR=\"$(CONFIGURATION)$(EFFECTIVE_PLATFORM_NAME)\"'","$(inherited)");
				GCC_SYMBOLS_PRIVATE_EXTERN = NO;
				INSTALL_PATH = "";
				OTHER_LDFLAGS = ("","$(inherited)");
				OTHER_REZFLAGS = "";
				PRODUCT_NAME = ZERO_CHECK;
				SECTORDER_FLAGS = "";
				SYMROOT = /Users/annamaria/lavoro/X17/NeutronSource_22;
				USE_HEADERMAP = NO;
				WARNING_CFLAGS = ("$(inherited)");
			};
			name = Release;
		};
		CF3D561401C54E398D2BEF60 /* Debug */ = {
			isa = XCBuildConfiguration;
			buildSettings = {
				COMBINE_HIDPI_IMAGES = YES;
				GCC_GENERATE_DEBUGGING_SYMBOLS = YES;
				GCC_INLINES_ARE_PRIVATE_EXTERN = NO;
				GCC_OPTIMIZATION_LEVEL = 0;
				GCC_PREPROCESSOR_DEFINITIONS = ("'CMAKE_INTDIR=\"$(CONFIGURATION)$(EFFECTIVE_PLATFORM_NAME)\"'","$(inherited)");
				GCC_SYMBOLS_PRIVATE_EXTERN = NO;
				INSTALL_PATH = "";
				OTHER_LDFLAGS = ("","$(inherited)");
				OTHER_REZFLAGS = "";
				PRODUCT_NAME = ZERO_CHECK;
				SECTORDER_FLAGS = "";
				SYMROOT = /Users/annamaria/lavoro/X17/NeutronSource_22;
				USE_HEADERMAP = NO;
				WARNING_CFLAGS = ("$(inherited)");
			};
			name = Debug;
		};
		D19A26D0AD264F789B529CB2 /* Debug */ = {
			isa = XCBuildConfiguration;
			buildSettings = {
				ARCHS = "$(NATIVE_ARCH_ACTUAL)";
				ONLY_ACTIVE_ARCH = YES;
				SDKROOT = /Applications/Xcode.app/Contents/Developer/Platforms/MacOSX.platform/Developer/SDKs/MacOSX12.1.sdk;
				SYMROOT = /Users/annamaria/lavoro/X17/NeutronSource_22/build;
			};
			name = Debug;
		};
		F4AADAC7852C4E69BCB6E72F /* MinSizeRel */ = {
			isa = XCBuildConfiguration;
			buildSettings = {
				COMBINE_HIDPI_IMAGES = YES;
				GCC_GENERATE_DEBUGGING_SYMBOLS = YES;
				GCC_INLINES_ARE_PRIVATE_EXTERN = NO;
				GCC_OPTIMIZATION_LEVEL = 0;
				GCC_PREPROCESSOR_DEFINITIONS = ("'CMAKE_INTDIR=\"$(CONFIGURATION)$(EFFECTIVE_PLATFORM_NAME)\"'","$(inherited)");
				GCC_SYMBOLS_PRIVATE_EXTERN = NO;
				INSTALL_PATH = "";
				OTHER_LDFLAGS = ("","$(inherited)");
				OTHER_REZFLAGS = "";
				PRODUCT_NAME = ZERO_CHECK;
				SECTORDER_FLAGS = "";
				SYMROOT = /Users/annamaria/lavoro/X17/NeutronSource_22;
				USE_HEADERMAP = NO;
				WARNING_CFLAGS = ("$(inherited)");
			};
			name = MinSizeRel;
		};
		FD11B72047924CBE96ADF6B0 /* RelWithDebInfo */ = {
			isa = XCBuildConfiguration;
			buildSettings = {
				ARCHS = "$(NATIVE_ARCH_ACTUAL)";
				ONLY_ACTIVE_ARCH = YES;
				SDKROOT = /Applications/Xcode.app/Contents/Developer/Platforms/MacOSX.platform/Developer/SDKs/MacOSX12.1.sdk;
				SYMROOT = /Users/annamaria/lavoro/X17/NeutronSource_22/build;
			};
			name = RelWithDebInfo;
		};
/* End XCBuildConfiguration section */

/* Begin XCConfigurationList section */
		9FAAE70D756740229AC600B6 /* Build configuration list for PBXProject "NeutronSource_22" */ = {
			isa = XCConfigurationList;
			buildConfigurations = (
				D19A26D0AD264F789B529CB2 /* Debug */,
				8C6943A71DB0431693F78F49 /* Release */,
				1154996A91FF4B38B77352E3 /* MinSizeRel */,
				FD11B72047924CBE96ADF6B0 /* RelWithDebInfo */,
			);
			defaultConfigurationIsVisible = 0;
			defaultConfigurationName = Debug;
		};
		A00C24C48B7A49F4B6F39165 /* Build configuration list for PBXAggregateTarget "ALL_BUILD" */ = {
			isa = XCConfigurationList;
			buildConfigurations = (
				48ED79CE2B73431EAFF977D8 /* Debug */,
				B6D97A2C7EC04BBC82FB8DC3 /* Release */,
				3A9F84B0A2F84205839AEF93 /* MinSizeRel */,
				31F7C5A80AC54CB69F3164B1 /* RelWithDebInfo */,
			);
			defaultConfigurationIsVisible = 0;
			defaultConfigurationName = Debug;
		};
		DDF52AB099C7442B89D0ED2B /* Build configuration list for PBXNativeTarget "NeutronSource" */ = {
			isa = XCConfigurationList;
			buildConfigurations = (
				A634863869B148B4B23C3B5B /* Debug */,
				77C93446E72346DF8CD01183 /* Release */,
				306F703BCD4740479994CE83 /* MinSizeRel */,
				0DA9120B41FC427282EE3DEE /* RelWithDebInfo */,
			);
			defaultConfigurationIsVisible = 0;
			defaultConfigurationName = Debug;
		};
		E372869A0A99419B9C7A2DE3 /* Build configuration list for PBXAggregateTarget "install" */ = {
			isa = XCConfigurationList;
			buildConfigurations = (
				37243DC4D837421B832D50F6 /* Debug */,
				63A9FC98ADF14A3E843614C8 /* Release */,
				289088BB7828421CA74C9268 /* MinSizeRel */,
				197073AD690342EEBE7FE630 /* RelWithDebInfo */,
			);
			defaultConfigurationIsVisible = 0;
			defaultConfigurationName = Debug;
		};
		EB5C336B3571427686F8606E /* Build configuration list for PBXAggregateTarget "ZERO_CHECK" */ = {
			isa = XCConfigurationList;
			buildConfigurations = (
				CF3D561401C54E398D2BEF60 /* Debug */,
				CD5C2E105FD1468AB970833D /* Release */,
				F4AADAC7852C4E69BCB6E72F /* MinSizeRel */,
				105F8F72A50F404F93C49BBD /* RelWithDebInfo */,
			);
			defaultConfigurationIsVisible = 0;
			defaultConfigurationName = Debug;
		};
/* End XCConfigurationList section */
	};
	rootObject = DC2EA87036B040DB9E0A2BCF /* Project object */;
}
